<?xml version="1.0" encoding="UTF-8" standalone="yes" ?>
<CodeBlocks_project_file>
	<FileVersion major="1" minor="6" />
	<Project>
		<Option title="MCServer" />
		<Option pch_mode="2" />
		<Option compiler="gcc" />
		<Build>
			<Target title="Debug Win32">
				<Option output="C:/Programovani/Programy/cizi/mc-server/VC2008/../MCServer/MCServer_debug" prefix_auto="1" extension_auto="1" />
				<Option object_output="Debug" />
				<Option external_deps="lib.a;lib.a;lib.a;lib.a;lib.a;lib.a;lib.a;" />
				<Option type="1" />
				<Option compiler="gcc" />
				<Compiler>
					<Add option="-W" />
					<Add option="-O0" />
					<Add option="-DWIN32" />
					<Add option="-D_DEBUG" />
					<Add option="-D_CONSOLE" />
					<Add option="-DXML_STATIC" />
					<Add directory="../zlib-1.2.7" />
					<Add directory="../jsoncpp-src-0.5.0/include" />
					<Add directory="../lua-5.1.4/src" />
					<Add directory="../tolua++-1.0.93/include" />
					<Add directory=".." />
					<Add directory="../expat" />
				</Compiler>
				<ResourceCompiler>
					<Add directory="../zlib-1.2.7" />
					<Add directory="../jsoncpp-src-0.5.0/include" />
					<Add directory="../lua-5.1.4/src" />
					<Add directory="../tolua++-1.0.93/include" />
					<Add directory=".." />
					<Add directory="../expat" />
				</ResourceCompiler>
				<Linker>
					<Add option="-s" />
					<Add library="ws2_32" />
					<Add library="Psapi" />
					<Add library="lib.a" />
				</Linker>
			</Target>
			<Target title="Release Win32">
				<Option output="C:/Programovani/Programy/cizi/mc-server/VC2008/../MCServer/MCServer" prefix_auto="1" extension_auto="1" />
				<Option object_output="Release" />
				<Option external_deps="lib.a;lib.a;lib.a;lib.a;lib.a;lib.a;lib.a;" />
				<Option type="1" />
				<Option compiler="gcc" />
				<Compiler>
					<Add option="-DWIN32" />
					<Add option="-DNDEBUG" />
					<Add option="-D_CONSOLE" />
					<Add option="-DXML_STATIC" />
					<Add option="-W" />
					<Add option="-O3" />
					<Add directory="../lib/zlib" />
					<Add directory="../lib/jsoncpp/include" />
					<Add directory="../lib/lua/src" />
					<Add directory="../lib/tolua++/include" />
					<Add directory=".." />
					<Add directory="../lib/expat" />
				</Compiler>
				<ResourceCompiler>
					<Add directory="../lib/zlib" />
					<Add directory="../lib/jsoncpp/include" />
					<Add directory="../lib/lua/src" />
					<Add directory="../lib/tolua++/include" />
					<Add directory=".." />
					<Add directory="../lib/expat" />
				</ResourceCompiler>
				<Linker>
					<Add library="ws2_32" />
					<Add library="Psapi" />
					<Add library="lib.a" />
				</Linker>
			</Target>
			<Target title="Release profiled Win32">
				<Option output="C:/Programovani/Programy/cizi/mc-server/VC2008/../MCServer/MCServer_profiled" prefix_auto="1" extension_auto="1" />
				<Option object_output="Release profiled Win32" />
				<Option external_deps="lib.a;lib.a;lib.a;lib.a;lib.a;" />
				<Option type="1" />
				<Option compiler="gcc" />
				<Compiler>
					<Add option="-DWIN32" />
					<Add option="-DNDEBUG" />
					<Add option="-D_CONSOLE" />
					<Add option="-DXML_STATIC" />
					<Add option="-W" />
					<Add option="-O3" />
					<Add directory="../lib/zlib" />
					<Add directory="../lib/jsoncpp/include" />
					<Add directory="../lib/lua/src" />
					<Add directory="../lib/tolua++/include" />
					<Add directory=".." />
					<Add directory="../lib/expat" />
				</Compiler>
				<ResourceCompiler>
					<Add directory="../lib/zlib" />
					<Add directory="../lib/jsoncpp/include" />
					<Add directory="../lib/lua/src" />
					<Add directory="../lib/tolua++/include" />
					<Add directory=".." />
					<Add directory="../lib/expat" />
				</ResourceCompiler>
				<Linker>
					<Add library="ws2_32" />
					<Add library="Psapi" />
					<Add library="lib.a" />
				</Linker>
			</Target>
		</Build>
		<Compiler>
			<Add option="-fpermissive" />
			<Add directory="../src" />
		</Compiler>
		<Unit filename="../Android/jni/Android.mk">
			<Option target="&lt;{~None~}&gt;" />
		</Unit>
		<Unit filename="../Android/jni/Application.mk">
			<Option target="&lt;{~None~}&gt;" />
		</Unit>
		<Unit filename="../Android/jni/ToJava.cpp">
			<Option target="&lt;{~None~}&gt;" />
		</Unit>
		<Unit filename="../Android/jni/ToJava.h">
			<Option target="&lt;{~None~}&gt;" />
		</Unit>
		<Unit filename="../Android/jni/app-android.cpp">
			<Option target="&lt;{~None~}&gt;" />
		</Unit>
		<Unit filename="../MCServer/API.txt" />
		<Unit filename="../MCServer/Plugins/ChatLog/plugin.lua" />
		<Unit filename="../MCServer/Plugins/Core/ban.lua" />
		<Unit filename="../MCServer/Plugins/Core/console.lua" />
		<Unit filename="../MCServer/Plugins/Core/coords.lua" />
		<Unit filename="../MCServer/Plugins/Core/gamemode.lua" />
		<Unit filename="../MCServer/Plugins/Core/gotoworld.lua" />
		<Unit filename="../MCServer/Plugins/Core/help.lua" />
		<Unit filename="../MCServer/Plugins/Core/item.lua" />
		<Unit filename="../MCServer/Plugins/Core/kick.lua" />
		<Unit filename="../MCServer/Plugins/Core/main.lua" />
		<Unit filename="../MCServer/Plugins/Core/motd.lua" />
		<Unit filename="../MCServer/Plugins/Core/onblockdig.lua" />
		<Unit filename="../MCServer/Plugins/Core/onblockplace.lua" />
		<Unit filename="../MCServer/Plugins/Core/oncraftingnorecipe.lua" />
		<Unit filename="../MCServer/Plugins/Core/onkilled.lua" />
		<Unit filename="../MCServer/Plugins/Core/onlogin.lua" />
		<Unit filename="../MCServer/Plugins/Core/onplayerjoin.lua" />
		<Unit filename="../MCServer/Plugins/Core/playerlist.lua" />
		<Unit filename="../MCServer/Plugins/Core/pluginlist.lua" />
		<Unit filename="../MCServer/Plugins/Core/regeneratechunk.lua" />
		<Unit filename="../MCServer/Plugins/Core/reload.lua" />
		<Unit filename="../MCServer/Plugins/Core/spawn.lua" />
		<Unit filename="../MCServer/Plugins/Core/stop.lua" />
		<Unit filename="../MCServer/Plugins/Core/teleport.lua" />
		<Unit filename="../MCServer/Plugins/Core/time.lua" />
		<Unit filename="../MCServer/Plugins/Core/top.lua" />
		<Unit filename="../MCServer/Plugins/Core/unban.lua" />
		<Unit filename="../MCServer/Plugins/Core/viewdistance.lua" />
		<Unit filename="../MCServer/Plugins/Core/web_chat.lua" />
		<Unit filename="../MCServer/Plugins/Core/web_manageplugins.lua" />
		<Unit filename="../MCServer/Plugins/Core/web_permissions.lua" />
		<Unit filename="../MCServer/Plugins/Core/web_playerlist.lua" />
		<Unit filename="../MCServer/Plugins/Core/web_serversettings.lua" />
		<Unit filename="../MCServer/Plugins/Core/web_whitelist.lua" />
		<Unit filename="../MCServer/crafting.txt" />
		<Unit filename="../MCServer/furnace.txt" />
		<Unit filename="../MCServer/groups.ini" />
		<Unit filename="../MCServer/items.ini" />
		<Unit filename="../MCServer/monsters.ini" />
		<Unit filename="../MCServer/settings.ini" />
		<Unit filename="../MCServer/terrain.ini" />
		<Unit filename="../MCServer/users.ini" />
		<Unit filename="../MCServer/webadmin.ini" />
		<Unit filename="../lib/iniFile/iniFile.cpp" />
		<Unit filename="../lib/iniFile/iniFile.h" />
		<Unit filename="../src/AllToLua.pkg">
			<Option target="&lt;{~None~}&gt;" />
		</Unit>
		<Unit filename="../src/Authenticator.cpp" />
		<Unit filename="../src/Authenticator.h" />
		<Unit filename="../src/Bindings.cpp" />
		<Unit filename="../src/Bindings.h" />
		<Unit filename="../src/BlockArea.cpp" />
		<Unit filename="../src/BlockArea.h" />
		<Unit filename="../src/BlockEntity.h" />
		<Unit filename="../src/BlockEntityWithItems.h" />
		<Unit filename="../src/BlockID.cpp" />
		<Unit filename="../src/BlockID.h" />
		<Unit filename="../src/Blocks/BlockBed.cpp" />
		<Unit filename="../src/Blocks/BlockBed.h" />
		<Unit filename="../src/Blocks/BlockBrewingStand.h" />
		<Unit filename="../src/Blocks/BlockCactus.h" />
		<Unit filename="../src/Blocks/BlockCauldron.h" />
		<Unit filename="../src/Blocks/BlockChest.h" />
		<Unit filename="../src/Blocks/BlockCloth.h" />
		<Unit filename="../src/Blocks/BlockCobWeb.h" />
		<Unit filename="../src/Blocks/BlockCrops.h" />
		<Unit filename="../src/Blocks/BlockDirt.h" />
		<Unit filename="../src/Blocks/BlockDispenser.h" />
		<Unit filename="../src/Blocks/BlockDoor.cpp" />
		<Unit filename="../src/Blocks/BlockDoor.h" />
		<Unit filename="../src/Blocks/BlockEnderchest.h" />
		<Unit filename="../src/Blocks/BlockEntity.h" />
		<Unit filename="../src/Blocks/BlockFarmland.h" />
		<Unit filename="../src/Blocks/BlockFenceGate.h" />
		<Unit filename="../src/Blocks/BlockFire.h" />
		<Unit filename="../src/Blocks/BlockFlower.h" />
		<Unit filename="../src/Blocks/BlockFlowerPot.h" />
		<Unit filename="../src/Blocks/BlockFluid.h" />
		<Unit filename="../src/Blocks/BlockFurnace.h" />
		<Unit filename="../src/Blocks/BlockGlass.h" />
		<Unit filename="../src/Blocks/BlockGlowstone.h" />
		<Unit filename="../src/Blocks/BlockGravel.h" />
		<Unit filename="../src/Blocks/BlockHandler.cpp" />
		<Unit filename="../src/Blocks/BlockHandler.h" />
		<Unit filename="../src/Blocks/BlockIce.h" />
		<Unit filename="../src/Blocks/BlockLadder.h" />
		<Unit filename="../src/Blocks/BlockLeaves.h" />
		<Unit filename="../src/Blocks/BlockLever.cpp" />
		<Unit filename="../src/Blocks/BlockLever.h" />
		<Unit filename="../src/Blocks/BlockMelon.h" />
		<Unit filename="../src/Blocks/BlockMushroom.h" />
		<Unit filename="../src/Blocks/BlockMycelium.h" />
		<Unit filename="../src/Blocks/BlockNote.h" />
		<Unit filename="../src/Blocks/BlockOre.h" />
		<Unit filename="../src/Blocks/BlockPiston.cpp" />
		<Unit filename="../src/Blocks/BlockPiston.h" />
		<Unit filename="../src/Blocks/BlockRail.h" />
		<Unit filename="../src/Blocks/BlockRedstone.cpp" />
		<Unit filename="../src/Blocks/BlockRedstone.h" />
		<Unit filename="../src/Blocks/BlockRedstoneOre.h" />
		<Unit filename="../src/Blocks/BlockRedstoneRepeater.cpp" />
		<Unit filename="../src/Blocks/BlockRedstoneRepeater.h" />
		<Unit filename="../src/Blocks/BlockRedstoneTorch.h" />
		<Unit filename="../src/Blocks/BlockSand.h" />
		<Unit filename="../src/Blocks/BlockSapling.h" />
		<Unit filename="../src/Blocks/BlockSign.h" />
		<Unit filename="../src/Blocks/BlockSlab.h" />
		<Unit filename="../src/Blocks/BlockSnow.h" />
		<Unit filename="../src/Blocks/BlockStairs.h" />
		<Unit filename="../src/Blocks/BlockStems.h" />
		<Unit filename="../src/Blocks/BlockStone.h" />
		<Unit filename="../src/Blocks/BlockSugarcane.h" />
		<Unit filename="../src/Blocks/BlockTNT.h" />
		<Unit filename="../src/Blocks/BlockTallGrass.h" />
		<Unit filename="../src/Blocks/BlockTorch.h" />
		<Unit filename="../src/Blocks/BlockVine.h" />
		<Unit filename="../src/Blocks/BlockWood.h" />
		<Unit filename="../src/Blocks/BlockWorkbench.h" />
		<Unit filename="../src/ByteBuffer.cpp" />
		<Unit filename="../src/ByteBuffer.h" />
		<Unit filename="../src/ChatColor.cpp" />
		<Unit filename="../src/ChatColor.h" />
		<Unit filename="../src/ChestEntity.cpp" />
		<Unit filename="../src/ChestEntity.h" />
		<Unit filename="../src/Chunk.cpp" />
		<Unit filename="../src/Chunk.h" />
		<Unit filename="../src/Chunk.inl.h" />
		<Unit filename="../src/ChunkDef.h" />
		<Unit filename="../src/ChunkMap.cpp" />
		<Unit filename="../src/ChunkMap.h" />
		<Unit filename="../src/ChunkSender.cpp" />
		<Unit filename="../src/ChunkSender.h" />
		<Unit filename="../src/ClientHandle.cpp" />
		<Unit filename="../src/ClientHandle.h" />
		<Unit filename="../src/CraftingRecipes.cpp" />
		<Unit filename="../src/CraftingRecipes.h" />
		<Unit filename="../src/Cuboid.cpp" />
		<Unit filename="../src/Cuboid.h" />
		<Unit filename="../src/Defines.h" />
		<Unit filename="../src/DispenserEntity.cpp" />
		<Unit filename="../src/DispenserEntity.h" />
		<Unit filename="../src/Doors.h" />
		<Unit filename="../src/DropperEntity.h" />
		<Unit filename="../src/Endianness.h" />
		<Unit filename="../src/Entity.cpp" />
		<Unit filename="../src/Entity.h" />
		<Unit filename="../src/FallingBlock.cpp" />
		<Unit filename="../src/FallingBlock.h" />
		<Unit filename="../src/FurnaceEntity.cpp" />
		<Unit filename="../src/FurnaceEntity.h" />
		<Unit filename="../src/FurnaceRecipe.cpp" />
		<Unit filename="../src/FurnaceRecipe.h" />
		<Unit filename="../src/Generating/BioGen.cpp" />
		<Unit filename="../src/Generating/BioGen.h" />
		<Unit filename="../src/Generating/Caves.cpp" />
		<Unit filename="../src/Generating/Caves.h" />
		<Unit filename="../src/Generating/ChunkDesc.cpp" />
		<Unit filename="../src/Generating/ChunkDesc.h" />
		<Unit filename="../src/Generating/ChunkGenerator.cpp" />
		<Unit filename="../src/Generating/ChunkGenerator.h" />
		<Unit filename="../src/Generating/CompoGen.cpp" />
		<Unit filename="../src/Generating/CompoGen.h" />
		<Unit filename="../src/Generating/ComposableGenerator.cpp" />
		<Unit filename="../src/Generating/ComposableGenerator.h" />
		<Unit filename="../src/Generating/DistortedHeightmap.cpp" />
		<Unit filename="../src/Generating/DistortedHeightmap.h" />
		<Unit filename="../src/Generating/FinishGen.cpp" />
		<Unit filename="../src/Generating/FinishGen.h" />
		<Unit filename="../src/Generating/HeiGen.cpp" />
		<Unit filename="../src/Generating/HeiGen.h" />
		<Unit filename="../src/Generating/MineShafts.cpp" />
		<Unit filename="../src/Generating/MineShafts.h" />
		<Unit filename="../src/Generating/Noise3DGenerator.cpp" />
		<Unit filename="../src/Generating/Noise3DGenerator.h" />
		<Unit filename="../src/Generating/Ravines.cpp" />
		<Unit filename="../src/Generating/Ravines.h" />
		<Unit filename="../src/Generating/StructGen.cpp" />
		<Unit filename="../src/Generating/StructGen.h" />
		<Unit filename="../src/Generating/Trees.cpp" />
		<Unit filename="../src/Generating/Trees.h" />
		<Unit filename="../src/Globals.cpp" />
		<Unit filename="../src/Globals.h" />
		<Unit filename="../src/Group.cpp" />
		<Unit filename="../src/Group.h" />
		<Unit filename="../src/GroupManager.cpp" />
		<Unit filename="../src/GroupManager.h" />
		<Unit filename="../src/Inventory.cpp" />
		<Unit filename="../src/Inventory.h" />
		<Unit filename="../src/Item.cpp" />
		<Unit filename="../src/Item.h" />
		<Unit filename="../src/ItemGrid.cpp" />
		<Unit filename="../src/ItemGrid.h" />
		<Unit filename="../src/Items/ItemBed.h" />
		<Unit filename="../src/Items/ItemBrewingStand.h" />
		<Unit filename="../src/Items/ItemBucket.h" />
		<Unit filename="../src/Items/ItemCauldron.h" />
		<Unit filename="../src/Items/ItemCloth.h" />
		<Unit filename="../src/Items/ItemDoor.h" />
		<Unit filename="../src/Items/ItemDye.h" />
		<Unit filename="../src/Items/ItemFlowerPot.h" />
		<Unit filename="../src/Items/ItemFood.h" />
		<Unit filename="../src/Items/ItemHandler.cpp" />
		<Unit filename="../src/Items/ItemHandler.h" />
		<Unit filename="../src/Items/ItemHoe.h" />
		<Unit filename="../src/Items/ItemLeaves.h" />
		<Unit filename="../src/Items/ItemLighter.h" />
		<Unit filename="../src/Items/ItemMinecart.h" />
		<Unit filename="../src/Items/ItemPickaxe.h" />
		<Unit filename="../src/Items/ItemRedstoneDust.h" />
		<Unit filename="../src/Items/ItemRedstoneRepeater.h" />
		<Unit filename="../src/Items/ItemSapling.h" />
		<Unit filename="../src/Items/ItemSeeds.h" />
		<Unit filename="../src/Items/ItemShears.h" />
		<Unit filename="../src/Items/ItemShovel.h" />
		<Unit filename="../src/Items/ItemSign.h" />
		<Unit filename="../src/Items/ItemSlab.h" />
		<Unit filename="../src/Items/ItemSpawnEgg.h" />
		<Unit filename="../src/Items/ItemSugarcane.h" />
		<Unit filename="../src/Items/ItemSword.h" />
		<Unit filename="../src/Items/ItemWood.h" />
		<Unit filename="../src/JukeboxEntity.cpp" />
		<Unit filename="../src/JukeboxEntity.h" />
		<Unit filename="../src/Ladder.h" />
		<Unit filename="../src/LeakFinder.h" />
		<Unit filename="../src/LightingThread.cpp" />
		<Unit filename="../src/LightingThread.h" />
		<Unit filename="../src/LinearInterpolation.cpp" />
		<Unit filename="../src/LinearInterpolation.h" />
		<Unit filename="../src/LinearUpscale.h" />
		<Unit filename="../src/Log.cpp" />
		<Unit filename="../src/Log.h" />
		<Unit filename="../lib/luaexpat/lxplib.c">
			<Option compilerVar="CC" />
		</Unit>
		<Unit filename="../lib/luaexpat/lxplib.h" />
		<Unit filename="../src/LuaFunctions.h" />
		<Unit filename="../src/MCLogger.cpp" />
		<Unit filename="../src/MCLogger.h" />
		<Unit filename="../src/ManualBindings.cpp" />
		<Unit filename="../src/ManualBindings.h" />
		<Unit filename="../src/Matrix4f.cpp" />
		<Unit filename="../src/Matrix4f.h" />
		<Unit filename="../src/MemoryLeak.h" />
		<Unit filename="../src/MersenneTwister.h" />
		<Unit filename="../src/Minecart.cpp" />
		<Unit filename="../src/Minecart.h" />
		<Unit filename="../src/Mobs/AggressiveMonster.cpp" />
		<Unit filename="../src/Mobs/AggressiveMonster.h" />
		<Unit filename="../src/Mobs/Bat.h" />
		<Unit filename="../src/Mobs/Blaze.cpp" />
		<Unit filename="../src/Mobs/Blaze.h" />
		<Unit filename="../src/Mobs/Cavespider.cpp" />
		<Unit filename="../src/Mobs/Cavespider.h" />
		<Unit filename="../src/Mobs/Chicken.cpp" />
		<Unit filename="../src/Mobs/Chicken.h" />
		<Unit filename="../src/Mobs/Cow.cpp" />
		<Unit filename="../src/Mobs/Cow.h" />
		<Unit filename="../src/Mobs/Creeper.cpp" />
		<Unit filename="../src/Mobs/Creeper.h" />
		<Unit filename="../src/Mobs/Enderman.cpp" />
		<Unit filename="../src/Mobs/Enderman.h" />
		<Unit filename="../src/Mobs/Ghast.cpp" />
		<Unit filename="../src/Mobs/Ghast.h" />
		<Unit filename="../src/Mobs/Magmacube.cpp" />
		<Unit filename="../src/Mobs/Magmacube.h" />
		<Unit filename="../src/Mobs/Monster.cpp" />
		<Unit filename="../src/Mobs/Monster.h" />
		<Unit filename="../src/Mobs/Mooshroom.cpp" />
		<Unit filename="../src/Mobs/Mooshroom.h" />
		<Unit filename="../src/Mobs/Ocelot.h" />
		<Unit filename="../src/Mobs/PassiveAggressiveMonster.cpp" />
		<Unit filename="../src/Mobs/PassiveAggressiveMonster.h" />
		<Unit filename="../src/Mobs/PassiveMonster.cpp" />
		<Unit filename="../src/Mobs/PassiveMonster.h" />
		<Unit filename="../src/Mobs/Pig.cpp" />
		<Unit filename="../src/Mobs/Pig.h" />
		<Unit filename="../src/Mobs/Sheep.cpp" />
		<Unit filename="../src/Mobs/Sheep.h" />
		<Unit filename="../src/Mobs/Silverfish.h" />
		<Unit filename="../src/Mobs/Skeleton.cpp" />
		<Unit filename="../src/Mobs/Skeleton.h" />
		<Unit filename="../src/Mobs/Slime.cpp" />
		<Unit filename="../src/Mobs/Slime.h" />
		<Unit filename="../src/Mobs/Spider.cpp" />
		<Unit filename="../src/Mobs/Spider.h" />
		<Unit filename="../src/Mobs/Squid.cpp" />
		<Unit filename="../src/Mobs/Squid.h" />
		<Unit filename="../src/Mobs/Villager.cpp" />
		<Unit filename="../src/Mobs/Villager.h" />
		<Unit filename="../src/Mobs/Witch.cpp" />
		<Unit filename="../src/Mobs/Witch.h" />
		<Unit filename="../src/Mobs/Wolf.h" />
		<Unit filename="../src/Mobs/Zombie.cpp" />
		<Unit filename="../src/Mobs/Zombie.h" />
		<Unit filename="../src/Mobs/Zombiepigman.cpp" />
		<Unit filename="../src/Mobs/Zombiepigman.h" />
		<Unit filename="../src/MonsterConfig.cpp" />
		<Unit filename="../src/MonsterConfig.h" />
		<Unit filename="../src/Noise.cpp" />
		<Unit filename="../src/Noise.h" />
		<Unit filename="../src/NoteEntity.cpp" />
		<Unit filename="../src/NoteEntity.h" />
		<Unit filename="../src/OSSupport/BlockingTCPLink.cpp" />
		<Unit filename="../src/OSSupport/BlockingTCPLink.h" />
		<Unit filename="../src/OSSupport/CriticalSection.cpp" />
		<Unit filename="../src/OSSupport/CriticalSection.h" />
		<Unit filename="../src/OSSupport/Event.cpp" />
		<Unit filename="../src/OSSupport/Event.h" />
		<Unit filename="../src/OSSupport/File.cpp" />
		<Unit filename="../src/OSSupport/File.h" />
		<Unit filename="../src/OSSupport/GZipFile.cpp" />
		<Unit filename="../src/OSSupport/GZipFile.h" />
		<Unit filename="../src/OSSupport/IsThread.cpp" />
		<Unit filename="../src/OSSupport/IsThread.h" />
		<Unit filename="../src/OSSupport/ListenThread.cpp" />
		<Unit filename="../src/OSSupport/ListenThread.h" />
		<Unit filename="../src/OSSupport/MakeDir.cpp" />
		<Unit filename="../src/OSSupport/MakeDir.h" />
		<Unit filename="../src/OSSupport/Semaphore.cpp" />
		<Unit filename="../src/OSSupport/Semaphore.h" />
		<Unit filename="../src/OSSupport/Sleep.cpp" />
		<Unit filename="../src/OSSupport/Sleep.h" />
		<Unit filename="../src/OSSupport/Socket.cpp" />
		<Unit filename="../src/OSSupport/Socket.h" />
		<Unit filename="../src/OSSupport/SocketThreads.cpp" />
		<Unit filename="../src/OSSupport/SocketThreads.h" />
		<Unit filename="../src/OSSupport/Thread.cpp" />
		<Unit filename="../src/OSSupport/Thread.h" />
		<Unit filename="../src/OSSupport/Timer.cpp" />
		<Unit filename="../src/OSSupport/Timer.h" />
		<Unit filename="../src/Pawn.cpp" />
		<Unit filename="../src/Pawn.h" />
		<Unit filename="../src/Pickup.cpp" />
		<Unit filename="../src/Pickup.h" />
		<Unit filename="../src/Piston.cpp" />
		<Unit filename="../src/Piston.h" />
		<Unit filename="../src/Player.cpp" />
		<Unit filename="../src/Player.h" />
		<Unit filename="../src/Plugin.cpp" />
		<Unit filename="../src/Plugin.h" />
		<Unit filename="../src/PluginManager.cpp" />
		<Unit filename="../src/PluginManager.h" />
		<Unit filename="../src/ProbabDistrib.cpp" />
		<Unit filename="../src/ProbabDistrib.h" />
		<Unit filename="../src/Protocol/ChunkDataSerializer.cpp" />
		<Unit filename="../src/Protocol/ChunkDataSerializer.h" />
		<Unit filename="../src/Protocol/Protocol.h" />
		<Unit filename="../src/Protocol/Protocol125.cpp" />
		<Unit filename="../src/Protocol/Protocol125.h" />
		<Unit filename="../src/Protocol/Protocol132.cpp" />
		<Unit filename="../src/Protocol/Protocol132.h" />
		<Unit filename="../src/Protocol/Protocol14x.cpp" />
		<Unit filename="../src/Protocol/Protocol14x.h" />
		<Unit filename="../src/Protocol/Protocol15x.cpp" />
		<Unit filename="../src/Protocol/Protocol15x.h" />
		<Unit filename="../src/Protocol/ProtocolRecognizer.cpp" />
		<Unit filename="../src/Protocol/ProtocolRecognizer.h" />
		<Unit filename="../src/ReferenceManager.cpp" />
		<Unit filename="../src/ReferenceManager.h" />
		<Unit filename="../src/Root.cpp" />
		<Unit filename="../src/Root.h" />
		<Unit filename="../lib/sqlite/lsqlite3.c">
			<Option compilerVar="CC" />
		</Unit>
		<Unit filename="../lib/sqlite/sqlite3.c">
			<Option compilerVar="CC" />
		</Unit>
		<Unit filename="../lib/sqlite/sqlite3.h" />
		<Unit filename="../lib/sqlite/urls.txt" />
		<Unit filename="../src/Server.cpp" />
		<Unit filename="../src/Server.h" />
		<Unit filename="../src/Sign.h" />
		<Unit filename="../src/SignEntity.cpp" />
		<Unit filename="../src/SignEntity.h" />
		<Unit filename="../src/Simulator/DelayedFluidSimulator.cpp" />
		<Unit filename="../src/Simulator/DelayedFluidSimulator.h" />
		<Unit filename="../src/Simulator/FireSimulator.cpp" />
		<Unit filename="../src/Simulator/FireSimulator.h" />
		<Unit filename="../src/Simulator/FloodyFluidSimulator.cpp" />
		<Unit filename="../src/Simulator/FloodyFluidSimulator.h" />
		<Unit filename="../src/Simulator/FluidSimulator.cpp" />
		<Unit filename="../src/Simulator/FluidSimulator.h" />
		<Unit filename="../src/Simulator/NoopFluidSimulator.h" />
		<Unit filename="../src/Simulator/RedstoneSimulator.cpp" />
		<Unit filename="../src/Simulator/RedstoneSimulator.h" />
		<Unit filename="../src/Simulator/SandSimulator.cpp" />
		<Unit filename="../src/Simulator/SandSimulator.h" />
		<Unit filename="../src/Simulator/Simulator.cpp" />
		<Unit filename="../src/Simulator/Simulator.h" />
		<Unit filename="../src/Simulator/SimulatorManager.cpp" />
		<Unit filename="../src/Simulator/SimulatorManager.h" />
		<Unit filename="../src/Simulator/VaporizeFluidSimulator.cpp" />
		<Unit filename="../src/Simulator/VaporizeFluidSimulator.h" />
		<Unit filename="../src/StackWalker.h" />
		<Unit filename="../src/Stairs.h" />
		<Unit filename="../src/StringCompression.cpp" />
		<Unit filename="../src/StringCompression.h" />
		<Unit filename="../src/StringMap.cpp" />
		<Unit filename="../src/StringMap.h" />
		<Unit filename="../src/StringUtils.cpp" />
		<Unit filename="../src/StringUtils.h" />
		<Unit filename="../src/TNTEntity.cpp" />
		<Unit filename="../src/TNTEntity.h" />
		<Unit filename="../src/Torch.h" />
		<Unit filename="../src/Tracer.cpp" />
		<Unit filename="../src/Tracer.h" />
		<Unit filename="../src/UI/SlotArea.cpp" />
		<Unit filename="../src/UI/SlotArea.h" />
		<Unit filename="../src/UI/Window.cpp" />
		<Unit filename="../src/UI/Window.h" />
		<Unit filename="../src/UI/WindowOwner.h" />
		<Unit filename="../src/Vector3d.cpp" />
		<Unit filename="../src/Vector3d.h" />
		<Unit filename="../src/Vector3f.cpp" />
		<Unit filename="../src/Vector3f.h" />
		<Unit filename="../src/Vector3i.cpp" />
		<Unit filename="../src/Vector3i.h" />
		<Unit filename="../src/Vine.h" />
		<Unit filename="../src/WebAdmin.cpp" />
		<Unit filename="../src/WebAdmin.h" />
		<Unit filename="../src/WebPlugin.cpp" />
		<Unit filename="../src/WebPlugin.h" />
		<Unit filename="../src/World.cpp" />
		<Unit filename="../src/World.h" />
		<Unit filename="../src/WorldStorage/FastNBT.cpp" />
		<Unit filename="../src/WorldStorage/FastNBT.h" />
		<Unit filename="../src/WorldStorage/NBTChunkSerializer.cpp" />
		<Unit filename="../src/WorldStorage/NBTChunkSerializer.h" />
		<Unit filename="../src/WorldStorage/WSSAnvil.cpp" />
		<Unit filename="../src/WorldStorage/WSSAnvil.h" />
		<Unit filename="../src/WorldStorage/WSSCompact.cpp" />
		<Unit filename="../src/WorldStorage/WSSCompact.h" />
		<Unit filename="../src/WorldStorage/WorldStorage.cpp" />
		<Unit filename="../src/WorldStorage/WorldStorage.h" />
		<Unit filename="../src/main.cpp" />
		<Unit filename="../lib/md5/md5.cpp" />
		<Unit filename="../lib/md5/md5.h" />
		<Unit filename="../src/tolua++.h" />
		<Unit filename="../src/tolua_base.h" />
		<Unit filename="../webadmin/template.html" />
		<Unit filename="MCServer.rc">
			<Option compilerVar="WINDRES" />
		</Unit>
		<Unit filename="icon.ico" />
		<Unit filename="resource.h" />
		<Extensions>
			<code_completion />
			<envvars />
			<debugger />
		</Extensions>
	</Project>
</CodeBlocks_project_file>
