<?xml version="1.0" encoding="UTF-8" standalone="yes" ?>
<CodeBlocks_project_file>
	<FileVersion major="1" minor="6" />
	<Project>
		<Option title="MCServer" />
		<Option pch_mode="2" />
		<Option compiler="gcc" />
		<Build>
			<Target title="Debug Win32">
				<Option output="C:/Programovani/Programy/cizi/mc-server/VC2008/../MCServer/MCServer_debug" prefix_auto="1" extension_auto="1" />
				<Option object_output="Debug" />
				<Option external_deps="lib.a;lib.a;lib.a;lib.a;lib.a;lib.a;lib.a;" />
				<Option type="1" />
				<Option compiler="gcc" />
				<Compiler>
					<Add option="-W" />
					<Add option="-O0" />
					<Add option="-DWIN32" />
					<Add option="-D_DEBUG" />
					<Add option="-D_CONSOLE" />
					<Add option="-DXML_STATIC" />
					<Add directory="../zlib-1.2.7" />
					<Add directory="../jsoncpp-src-0.5.0/include" />
					<Add directory="../lua-5.1.4/src" />
					<Add directory="../tolua++-1.0.93/include" />
					<Add directory="../squirrel_3_0_1_stable/include" />
					<Add directory="../squirrel_3_0_1_stable" />
					<Add directory="../squirrel_3_0_1_stable/sqrat" />
					<Add directory=".." />
					<Add directory="../expat" />
				</Compiler>
				<ResourceCompiler>
					<Add directory="../zlib-1.2.7" />
					<Add directory="../jsoncpp-src-0.5.0/include" />
					<Add directory="../lua-5.1.4/src" />
					<Add directory="../tolua++-1.0.93/include" />
					<Add directory="../squirrel_3_0_1_stable/include" />
					<Add directory="../squirrel_3_0_1_stable" />
					<Add directory="../squirrel_3_0_1_stable/sqrat" />
					<Add directory=".." />
					<Add directory="../expat" />
				</ResourceCompiler>
				<Linker>
					<Add option="-s" />
					<Add library="ws2_32" />
					<Add library="Psapi" />
					<Add library="lib.a" />
				</Linker>
			</Target>
			<Target title="Release Win32">
				<Option output="C:/Programovani/Programy/cizi/mc-server/VC2008/../MCServer/MCServer" prefix_auto="1" extension_auto="1" />
				<Option object_output="Release" />
				<Option external_deps="lib.a;lib.a;lib.a;lib.a;lib.a;lib.a;lib.a;" />
				<Option type="1" />
				<Option compiler="gcc" />
				<Compiler>
					<Add option="-DWIN32" />
					<Add option="-DNDEBUG" />
					<Add option="-D_CONSOLE" />
					<Add option="-DXML_STATIC" />
					<Add option="-W" />
					<Add option="-O3" />
					<Add directory="../zlib-1.2.7" />
					<Add directory="../jsoncpp-src-0.5.0/include" />
					<Add directory="../lua-5.1.4/src" />
					<Add directory="../tolua++-1.0.93/include" />
					<Add directory="../squirrel_3_0_1_stable/include" />
					<Add directory="../squirrel_3_0_1_stable" />
					<Add directory="../squirrel_3_0_1_stable/sqrat" />
					<Add directory=".." />
					<Add directory="../expat" />
				</Compiler>
				<ResourceCompiler>
					<Add directory="../zlib-1.2.7" />
					<Add directory="../jsoncpp-src-0.5.0/include" />
					<Add directory="../lua-5.1.4/src" />
					<Add directory="../tolua++-1.0.93/include" />
					<Add directory="../squirrel_3_0_1_stable/include" />
					<Add directory="../squirrel_3_0_1_stable" />
					<Add directory="../squirrel_3_0_1_stable/sqrat" />
					<Add directory=".." />
					<Add directory="../expat" />
				</ResourceCompiler>
				<Linker>
					<Add library="ws2_32" />
					<Add library="Psapi" />
					<Add library="lib.a" />
				</Linker>
			</Target>
			<Target title="Release profiled Win32">
				<Option output="C:/Programovani/Programy/cizi/mc-server/VC2008/../MCServer/MCServer_profiled" prefix_auto="1" extension_auto="1" />
				<Option object_output="Release profiled Win32" />
				<Option external_deps="lib.a;lib.a;lib.a;lib.a;lib.a;" />
				<Option type="1" />
				<Option compiler="gcc" />
				<Compiler>
					<Add option="-DWIN32" />
					<Add option="-DNDEBUG" />
					<Add option="-D_CONSOLE" />
					<Add option="-DXML_STATIC" />
					<Add option="-W" />
					<Add option="-O3" />
					<Add directory="../zlib-1.2.7" />
					<Add directory="../jsoncpp-src-0.5.0/include" />
					<Add directory="../lua-5.1.4/src" />
					<Add directory="../tolua++-1.0.93/include" />
					<Add directory="../squirrel_3_0_1_stable/include" />
					<Add directory="../squirrel_3_0_1_stable" />
					<Add directory="../squirrel_3_0_1_stable/sqrat" />
					<Add directory=".." />
					<Add directory="../expat" />
				</Compiler>
				<ResourceCompiler>
					<Add directory="../zlib-1.2.7" />
					<Add directory="../jsoncpp-src-0.5.0/include" />
					<Add directory="../lua-5.1.4/src" />
					<Add directory="../tolua++-1.0.93/include" />
					<Add directory="../squirrel_3_0_1_stable/include" />
					<Add directory="../squirrel_3_0_1_stable" />
					<Add directory="../squirrel_3_0_1_stable/sqrat" />
					<Add directory=".." />
					<Add directory="../expat" />
				</ResourceCompiler>
				<Linker>
					<Add library="ws2_32" />
					<Add library="Psapi" />
					<Add library="lib.a" />
				</Linker>
			</Target>
		</Build>
		<Compiler>
			<Add option="-fpermissive" />
			<Add directory="../source" />
		</Compiler>
		<Unit filename="../Android/jni/Android.mk">
			<Option target="&lt;{~None~}&gt;" />
		</Unit>
		<Unit filename="../Android/jni/Application.mk">
			<Option target="&lt;{~None~}&gt;" />
		</Unit>
		<Unit filename="../Android/jni/ToJava.cpp">
			<Option target="&lt;{~None~}&gt;" />
		</Unit>
		<Unit filename="../Android/jni/ToJava.h">
			<Option target="&lt;{~None~}&gt;" />
		</Unit>
		<Unit filename="../Android/jni/app-android.cpp">
			<Option target="&lt;{~None~}&gt;" />
		</Unit>
		<Unit filename="../MCServer/API.txt" />
		<Unit filename="../MCServer/Plugins/ChatLog/plugin.lua" />
		<Unit filename="../MCServer/Plugins/Core/ban.lua" />
		<Unit filename="../MCServer/Plugins/Core/console.lua" />
		<Unit filename="../MCServer/Plugins/Core/coords.lua" />
		<Unit filename="../MCServer/Plugins/Core/gamemode.lua" />
		<Unit filename="../MCServer/Plugins/Core/gotoworld.lua" />
		<Unit filename="../MCServer/Plugins/Core/help.lua" />
		<Unit filename="../MCServer/Plugins/Core/item.lua" />
		<Unit filename="../MCServer/Plugins/Core/kick.lua" />
		<Unit filename="../MCServer/Plugins/Core/main.lua" />
		<Unit filename="../MCServer/Plugins/Core/motd.lua" />
		<Unit filename="../MCServer/Plugins/Core/onblockdig.lua" />
		<Unit filename="../MCServer/Plugins/Core/onblockplace.lua" />
		<Unit filename="../MCServer/Plugins/Core/oncraftingnorecipe.lua" />
		<Unit filename="../MCServer/Plugins/Core/onkilled.lua" />
		<Unit filename="../MCServer/Plugins/Core/onlogin.lua" />
		<Unit filename="../MCServer/Plugins/Core/onplayerjoin.lua" />
		<Unit filename="../MCServer/Plugins/Core/playerlist.lua" />
		<Unit filename="../MCServer/Plugins/Core/pluginlist.lua" />
		<Unit filename="../MCServer/Plugins/Core/regeneratechunk.lua" />
		<Unit filename="../MCServer/Plugins/Core/reload.lua" />
		<Unit filename="../MCServer/Plugins/Core/spawn.lua" />
		<Unit filename="../MCServer/Plugins/Core/stop.lua" />
		<Unit filename="../MCServer/Plugins/Core/teleport.lua" />
		<Unit filename="../MCServer/Plugins/Core/time.lua" />
		<Unit filename="../MCServer/Plugins/Core/top.lua" />
		<Unit filename="../MCServer/Plugins/Core/unban.lua" />
		<Unit filename="../MCServer/Plugins/Core/viewdistance.lua" />
		<Unit filename="../MCServer/Plugins/Core/web_chat.lua" />
		<Unit filename="../MCServer/Plugins/Core/web_manageplugins.lua" />
		<Unit filename="../MCServer/Plugins/Core/web_permissions.lua" />
		<Unit filename="../MCServer/Plugins/Core/web_playerlist.lua" />
		<Unit filename="../MCServer/Plugins/Core/web_serversettings.lua" />
		<Unit filename="../MCServer/Plugins/Core/web_whitelist.lua" />
		<Unit filename="../MCServer/crafting.txt" />
		<Unit filename="../MCServer/furnace.txt" />
		<Unit filename="../MCServer/groups.ini" />
		<Unit filename="../MCServer/items.ini" />
		<Unit filename="../MCServer/monsters.ini" />
		<Unit filename="../MCServer/settings.ini" />
		<Unit filename="../MCServer/terrain.ini" />
		<Unit filename="../MCServer/users.ini" />
		<Unit filename="../MCServer/webadmin.ini" />
		<Unit filename="../iniFile/iniFile.cpp" />
		<Unit filename="../iniFile/iniFile.h" />
		<Unit filename="../source/AllToLua.pkg">
			<Option target="&lt;{~None~}&gt;" />
		</Unit>
		<Unit filename="../source/Authenticator.cpp" />
		<Unit filename="../source/Authenticator.h" />
		<Unit filename="../source/Bindings.cpp" />
		<Unit filename="../source/Bindings.h" />
		<Unit filename="../source/BlockArea.cpp" />
		<Unit filename="../source/BlockArea.h" />
		<Unit filename="../source/BlockEntity.h" />
		<Unit filename="../source/BlockEntityWithItems.h" />
		<Unit filename="../source/BlockID.cpp" />
		<Unit filename="../source/BlockID.h" />
		<Unit filename="../source/Blocks/BlockBed.cpp" />
		<Unit filename="../source/Blocks/BlockBed.h" />
		<Unit filename="../source/Blocks/BlockBrewingStand.h" />
		<Unit filename="../source/Blocks/BlockCactus.h" />
		<Unit filename="../source/Blocks/BlockCauldron.h" />
		<Unit filename="../source/Blocks/BlockChest.h" />
		<Unit filename="../source/Blocks/BlockCloth.h" />
		<Unit filename="../source/Blocks/BlockCobWeb.h" />
		<Unit filename="../source/Blocks/BlockCrops.h" />
		<Unit filename="../source/Blocks/BlockDirt.h" />
		<Unit filename="../source/Blocks/BlockDispenser.h" />
		<Unit filename="../source/Blocks/BlockDoor.cpp" />
		<Unit filename="../source/Blocks/BlockDoor.h" />
		<Unit filename="../source/Blocks/BlockEnderchest.h" />
		<Unit filename="../source/Blocks/BlockEntity.h" />
		<Unit filename="../source/Blocks/BlockFarmland.h" />
		<Unit filename="../source/Blocks/BlockFenceGate.h" />
		<Unit filename="../source/Blocks/BlockFire.h" />
		<Unit filename="../source/Blocks/BlockFlower.h" />
		<Unit filename="../source/Blocks/BlockFlowerPot.h" />
		<Unit filename="../source/Blocks/BlockFluid.h" />
		<Unit filename="../source/Blocks/BlockFurnace.h" />
		<Unit filename="../source/Blocks/BlockGlass.h" />
		<Unit filename="../source/Blocks/BlockGlowstone.h" />
		<Unit filename="../source/Blocks/BlockGravel.h" />
		<Unit filename="../source/Blocks/BlockHandler.cpp" />
		<Unit filename="../source/Blocks/BlockHandler.h" />
		<Unit filename="../source/Blocks/BlockIce.h" />
		<Unit filename="../source/Blocks/BlockLadder.h" />
		<Unit filename="../source/Blocks/BlockLeaves.h" />
		<Unit filename="../source/Blocks/BlockLever.cpp" />
		<Unit filename="../source/Blocks/BlockLever.h" />
		<Unit filename="../source/Blocks/BlockMelon.h" />
		<Unit filename="../source/Blocks/BlockMushroom.h" />
		<Unit filename="../source/Blocks/BlockMycelium.h" />
		<Unit filename="../source/Blocks/BlockNote.h" />
		<Unit filename="../source/Blocks/BlockOre.h" />
		<Unit filename="../source/Blocks/BlockPiston.cpp" />
		<Unit filename="../source/Blocks/BlockPiston.h" />
		<Unit filename="../source/Blocks/BlockRail.h" />
		<Unit filename="../source/Blocks/BlockRedstone.cpp" />
		<Unit filename="../source/Blocks/BlockRedstone.h" />
		<Unit filename="../source/Blocks/BlockRedstoneOre.h" />
		<Unit filename="../source/Blocks/BlockRedstoneRepeater.cpp" />
		<Unit filename="../source/Blocks/BlockRedstoneRepeater.h" />
		<Unit filename="../source/Blocks/BlockRedstoneTorch.h" />
		<Unit filename="../source/Blocks/BlockSand.h" />
		<Unit filename="../source/Blocks/BlockSapling.h" />
		<Unit filename="../source/Blocks/BlockSign.h" />
		<Unit filename="../source/Blocks/BlockSlab.h" />
		<Unit filename="../source/Blocks/BlockSnow.h" />
		<Unit filename="../source/Blocks/BlockStairs.h" />
		<Unit filename="../source/Blocks/BlockStems.h" />
		<Unit filename="../source/Blocks/BlockStone.h" />
		<Unit filename="../source/Blocks/BlockSugarcane.h" />
		<Unit filename="../source/Blocks/BlockTNT.h" />
		<Unit filename="../source/Blocks/BlockTallGrass.h" />
		<Unit filename="../source/Blocks/BlockTorch.h" />
		<Unit filename="../source/Blocks/BlockVine.h" />
		<Unit filename="../source/Blocks/BlockWood.h" />
		<Unit filename="../source/Blocks/BlockWorkbench.h" />
		<Unit filename="../source/ByteBuffer.cpp" />
		<Unit filename="../source/ByteBuffer.h" />
		<Unit filename="../source/ChatColor.cpp" />
		<Unit filename="../source/ChatColor.h" />
		<Unit filename="../source/ChestEntity.cpp" />
		<Unit filename="../source/ChestEntity.h" />
		<Unit filename="../source/Chunk.cpp" />
		<Unit filename="../source/Chunk.h" />
		<Unit filename="../source/Chunk.inl.h" />
		<Unit filename="../source/ChunkDef.h" />
		<Unit filename="../source/ChunkMap.cpp" />
		<Unit filename="../source/ChunkMap.h" />
		<Unit filename="../source/ChunkSender.cpp" />
		<Unit filename="../source/ChunkSender.h" />
		<Unit filename="../source/ClientHandle.cpp" />
		<Unit filename="../source/ClientHandle.h" />
		<Unit filename="../source/CraftingRecipes.cpp" />
		<Unit filename="../source/CraftingRecipes.h" />
		<Unit filename="../source/Cuboid.cpp" />
		<Unit filename="../source/Cuboid.h" />
		<Unit filename="../source/Defines.h" />
		<Unit filename="../source/DispenserEntity.cpp" />
		<Unit filename="../source/DispenserEntity.h" />
		<Unit filename="../source/Doors.h" />
		<Unit filename="../source/DropperEntity.h" />
		<Unit filename="../source/Endianness.h" />
		<Unit filename="../source/Entity.cpp" />
		<Unit filename="../source/Entity.h" />
		<Unit filename="../source/FallingBlock.cpp" />
		<Unit filename="../source/FallingBlock.h" />
		<Unit filename="../source/FurnaceEntity.cpp" />
		<Unit filename="../source/FurnaceEntity.h" />
		<Unit filename="../source/FurnaceRecipe.cpp" />
		<Unit filename="../source/FurnaceRecipe.h" />
		<Unit filename="../source/Generating/BioGen.cpp" />
		<Unit filename="../source/Generating/BioGen.h" />
		<Unit filename="../source/Generating/Caves.cpp" />
		<Unit filename="../source/Generating/Caves.h" />
		<Unit filename="../source/Generating/ChunkDesc.cpp" />
		<Unit filename="../source/Generating/ChunkDesc.h" />
		<Unit filename="../source/Generating/ChunkGenerator.cpp" />
		<Unit filename="../source/Generating/ChunkGenerator.h" />
		<Unit filename="../source/Generating/CompoGen.cpp" />
		<Unit filename="../source/Generating/CompoGen.h" />
		<Unit filename="../source/Generating/ComposableGenerator.cpp" />
		<Unit filename="../source/Generating/ComposableGenerator.h" />
		<Unit filename="../source/Generating/DistortedHeightmap.cpp" />
		<Unit filename="../source/Generating/DistortedHeightmap.h" />
		<Unit filename="../source/Generating/FinishGen.cpp" />
		<Unit filename="../source/Generating/FinishGen.h" />
		<Unit filename="../source/Generating/HeiGen.cpp" />
		<Unit filename="../source/Generating/HeiGen.h" />
		<Unit filename="../source/Generating/MineShafts.cpp" />
		<Unit filename="../source/Generating/MineShafts.h" />
		<Unit filename="../source/Generating/Noise3DGenerator.cpp" />
		<Unit filename="../source/Generating/Noise3DGenerator.h" />
		<Unit filename="../source/Generating/Ravines.cpp" />
		<Unit filename="../source/Generating/Ravines.h" />
		<Unit filename="../source/Generating/StructGen.cpp" />
		<Unit filename="../source/Generating/StructGen.h" />
		<Unit filename="../source/Generating/Trees.cpp" />
		<Unit filename="../source/Generating/Trees.h" />
		<Unit filename="../source/Globals.cpp" />
		<Unit filename="../source/Globals.h" />
		<Unit filename="../source/Group.cpp" />
		<Unit filename="../source/Group.h" />
		<Unit filename="../source/GroupManager.cpp" />
		<Unit filename="../source/GroupManager.h" />
		<Unit filename="../source/Inventory.cpp" />
		<Unit filename="../source/Inventory.h" />
		<Unit filename="../source/Item.cpp" />
		<Unit filename="../source/Item.h" />
		<Unit filename="../source/ItemGrid.cpp" />
		<Unit filename="../source/ItemGrid.h" />
		<Unit filename="../source/Items/ItemBed.h" />
		<Unit filename="../source/Items/ItemBrewingStand.h" />
		<Unit filename="../source/Items/ItemBucket.h" />
		<Unit filename="../source/Items/ItemCauldron.h" />
		<Unit filename="../source/Items/ItemCloth.h" />
		<Unit filename="../source/Items/ItemDoor.h" />
		<Unit filename="../source/Items/ItemDye.h" />
		<Unit filename="../source/Items/ItemFlowerPot.h" />
		<Unit filename="../source/Items/ItemFood.h" />
		<Unit filename="../source/Items/ItemHandler.cpp" />
		<Unit filename="../source/Items/ItemHandler.h" />
		<Unit filename="../source/Items/ItemHoe.h" />
		<Unit filename="../source/Items/ItemLeaves.h" />
		<Unit filename="../source/Items/ItemLighter.h" />
		<Unit filename="../source/Items/ItemMinecart.h" />
		<Unit filename="../source/Items/ItemPickaxe.h" />
		<Unit filename="../source/Items/ItemRedstoneDust.h" />
		<Unit filename="../source/Items/ItemRedstoneRepeater.h" />
		<Unit filename="../source/Items/ItemSapling.h" />
		<Unit filename="../source/Items/ItemSeeds.h" />
		<Unit filename="../source/Items/ItemShears.h" />
		<Unit filename="../source/Items/ItemShovel.h" />
		<Unit filename="../source/Items/ItemSign.h" />
		<Unit filename="../source/Items/ItemSlab.h" />
		<Unit filename="../source/Items/ItemSpawnEgg.h" />
		<Unit filename="../source/Items/ItemSugarcane.h" />
		<Unit filename="../source/Items/ItemSword.h" />
		<Unit filename="../source/Items/ItemWood.h" />
		<Unit filename="../source/JukeboxEntity.cpp" />
		<Unit filename="../source/JukeboxEntity.h" />
		<Unit filename="../source/Ladder.h" />
		<Unit filename="../source/LeakFinder.h" />
		<Unit filename="../source/LightingThread.cpp" />
		<Unit filename="../source/LightingThread.h" />
		<Unit filename="../source/LinearInterpolation.cpp" />
		<Unit filename="../source/LinearInterpolation.h" />
		<Unit filename="../source/LinearUpscale.h" />
		<Unit filename="../source/Log.cpp" />
		<Unit filename="../source/Log.h" />
		<Unit filename="../source/LuaExpat/lxplib.c">
			<Option compilerVar="CC" />
		</Unit>
		<Unit filename="../source/LuaExpat/lxplib.h" />
		<Unit filename="../source/LuaFunctions.h" />
		<Unit filename="../source/MCLogger.cpp" />
		<Unit filename="../source/MCLogger.h" />
		<Unit filename="../source/ManualBindings.cpp" />
		<Unit filename="../source/ManualBindings.h" />
		<Unit filename="../source/Matrix4f.cpp" />
		<Unit filename="../source/Matrix4f.h" />
		<Unit filename="../source/MemoryLeak.h" />
		<Unit filename="../source/MersenneTwister.h" />
		<Unit filename="../source/Minecart.cpp" />
		<Unit filename="../source/Minecart.h" />
		<Unit filename="../source/Mobs/AggressiveMonster.cpp" />
		<Unit filename="../source/Mobs/AggressiveMonster.h" />
		<Unit filename="../source/Mobs/Bat.h" />
		<Unit filename="../source/Mobs/Blaze.cpp" />
		<Unit filename="../source/Mobs/Blaze.h" />
		<Unit filename="../source/Mobs/Cavespider.cpp" />
		<Unit filename="../source/Mobs/Cavespider.h" />
		<Unit filename="../source/Mobs/Chicken.cpp" />
		<Unit filename="../source/Mobs/Chicken.h" />
		<Unit filename="../source/Mobs/Cow.cpp" />
		<Unit filename="../source/Mobs/Cow.h" />
		<Unit filename="../source/Mobs/Creeper.cpp" />
		<Unit filename="../source/Mobs/Creeper.h" />
		<Unit filename="../source/Mobs/Enderman.cpp" />
		<Unit filename="../source/Mobs/Enderman.h" />
		<Unit filename="../source/Mobs/Ghast.cpp" />
		<Unit filename="../source/Mobs/Ghast.h" />
		<Unit filename="../source/Mobs/Magmacube.cpp" />
		<Unit filename="../source/Mobs/Magmacube.h" />
		<Unit filename="../source/Mobs/Monster.cpp" />
		<Unit filename="../source/Mobs/Monster.h" />
		<Unit filename="../source/Mobs/Mooshroom.cpp" />
		<Unit filename="../source/Mobs/Mooshroom.h" />
		<Unit filename="../source/Mobs/Ocelot.h" />
		<Unit filename="../source/Mobs/PassiveAggressiveMonster.cpp" />
		<Unit filename="../source/Mobs/PassiveAggressiveMonster.h" />
		<Unit filename="../source/Mobs/PassiveMonster.cpp" />
		<Unit filename="../source/Mobs/PassiveMonster.h" />
		<Unit filename="../source/Mobs/Pig.cpp" />
		<Unit filename="../source/Mobs/Pig.h" />
		<Unit filename="../source/Mobs/Sheep.cpp" />
		<Unit filename="../source/Mobs/Sheep.h" />
		<Unit filename="../source/Mobs/Silverfish.h" />
		<Unit filename="../source/Mobs/Skeleton.cpp" />
		<Unit filename="../source/Mobs/Skeleton.h" />
		<Unit filename="../source/Mobs/Slime.cpp" />
		<Unit filename="../source/Mobs/Slime.h" />
		<Unit filename="../source/Mobs/Spider.cpp" />
		<Unit filename="../source/Mobs/Spider.h" />
		<Unit filename="../source/Mobs/Squid.cpp" />
		<Unit filename="../source/Mobs/Squid.h" />
		<Unit filename="../source/Mobs/Villager.cpp" />
		<Unit filename="../source/Mobs/Villager.h" />
		<Unit filename="../source/Mobs/Witch.cpp" />
		<Unit filename="../source/Mobs/Witch.h" />
		<Unit filename="../source/Mobs/Wolf.h" />
		<Unit filename="../source/Mobs/Zombie.cpp" />
		<Unit filename="../source/Mobs/Zombie.h" />
		<Unit filename="../source/Mobs/Zombiepigman.cpp" />
		<Unit filename="../source/Mobs/Zombiepigman.h" />
		<Unit filename="../source/MonsterConfig.cpp" />
		<Unit filename="../source/MonsterConfig.h" />
		<Unit filename="../source/Noise.cpp" />
		<Unit filename="../source/Noise.h" />
		<Unit filename="../source/NoteEntity.cpp" />
		<Unit filename="../source/NoteEntity.h" />
		<Unit filename="../source/OSSupport/BlockingTCPLink.cpp" />
		<Unit filename="../source/OSSupport/BlockingTCPLink.h" />
		<Unit filename="../source/OSSupport/CriticalSection.cpp" />
		<Unit filename="../source/OSSupport/CriticalSection.h" />
		<Unit filename="../source/OSSupport/Event.cpp" />
		<Unit filename="../source/OSSupport/Event.h" />
		<Unit filename="../source/OSSupport/File.cpp" />
		<Unit filename="../source/OSSupport/File.h" />
		<Unit filename="../source/OSSupport/GZipFile.cpp" />
		<Unit filename="../source/OSSupport/GZipFile.h" />
		<Unit filename="../source/OSSupport/IsThread.cpp" />
		<Unit filename="../source/OSSupport/IsThread.h" />
		<Unit filename="../source/OSSupport/ListenThread.cpp" />
		<Unit filename="../source/OSSupport/ListenThread.h" />
		<Unit filename="../source/OSSupport/MakeDir.cpp" />
		<Unit filename="../source/OSSupport/MakeDir.h" />
		<Unit filename="../source/OSSupport/Semaphore.cpp" />
		<Unit filename="../source/OSSupport/Semaphore.h" />
		<Unit filename="../source/OSSupport/Sleep.cpp" />
		<Unit filename="../source/OSSupport/Sleep.h" />
		<Unit filename="../source/OSSupport/Socket.cpp" />
		<Unit filename="../source/OSSupport/Socket.h" />
		<Unit filename="../source/OSSupport/SocketThreads.cpp" />
		<Unit filename="../source/OSSupport/SocketThreads.h" />
		<Unit filename="../source/OSSupport/Thread.cpp" />
		<Unit filename="../source/OSSupport/Thread.h" />
		<Unit filename="../source/OSSupport/Timer.cpp" />
		<Unit filename="../source/OSSupport/Timer.h" />
		<Unit filename="../source/Pawn.cpp" />
		<Unit filename="../source/Pawn.h" />
		<Unit filename="../source/Pickup.cpp" />
		<Unit filename="../source/Pickup.h" />
		<Unit filename="../source/Piston.cpp" />
		<Unit filename="../source/Piston.h" />
		<Unit filename="../source/Player.cpp" />
		<Unit filename="../source/Player.h" />
		<Unit filename="../source/Plugin.cpp" />
		<Unit filename="../source/Plugin.h" />
		<Unit filename="../source/PluginManager.cpp" />
		<Unit filename="../source/PluginManager.h" />
		<Unit filename="../source/Plugin_NewLua.cpp" />
		<Unit filename="../source/Plugin_NewLua.h" />
		<Unit filename="../source/Plugin_Squirrel.cpp" />
		<Unit filename="../source/Plugin_Squirrel.h" />
		<Unit filename="../source/ProbabDistrib.cpp" />
		<Unit filename="../source/ProbabDistrib.h" />
		<Unit filename="../source/Protocol/ChunkDataSerializer.cpp" />
		<Unit filename="../source/Protocol/ChunkDataSerializer.h" />
		<Unit filename="../source/Protocol/Protocol.h" />
		<Unit filename="../source/Protocol/Protocol125.cpp" />
		<Unit filename="../source/Protocol/Protocol125.h" />
		<Unit filename="../source/Protocol/Protocol132.cpp" />
		<Unit filename="../source/Protocol/Protocol132.h" />
		<Unit filename="../source/Protocol/Protocol14x.cpp" />
		<Unit filename="../source/Protocol/Protocol14x.h" />
		<Unit filename="../source/Protocol/Protocol15x.cpp" />
		<Unit filename="../source/Protocol/Protocol15x.h" />
		<Unit filename="../source/Protocol/ProtocolRecognizer.cpp" />
		<Unit filename="../source/Protocol/ProtocolRecognizer.h" />
		<Unit filename="../source/ReferenceManager.cpp" />
		<Unit filename="../source/ReferenceManager.h" />
		<Unit filename="../source/Root.cpp" />
		<Unit filename="../source/Root.h" />
		<Unit filename="../source/SQLite/lsqlite3.c">
			<Option compilerVar="CC" />
		</Unit>
		<Unit filename="../source/SQLite/sqlite3.c">
			<Option compilerVar="CC" />
		</Unit>
		<Unit filename="../source/SQLite/sqlite3.h" />
		<Unit filename="../source/SQLite/urls.txt" />
		<Unit filename="../source/Server.cpp" />
		<Unit filename="../source/Server.h" />
		<Unit filename="../source/Sign.h" />
		<Unit filename="../source/SignEntity.cpp" />
		<Unit filename="../source/SignEntity.h" />
		<Unit filename="../source/Simulator/DelayedFluidSimulator.cpp" />
		<Unit filename="../source/Simulator/DelayedFluidSimulator.h" />
		<Unit filename="../source/Simulator/FireSimulator.cpp" />
		<Unit filename="../source/Simulator/FireSimulator.h" />
		<Unit filename="../source/Simulator/FloodyFluidSimulator.cpp" />
		<Unit filename="../source/Simulator/FloodyFluidSimulator.h" />
		<Unit filename="../source/Simulator/FluidSimulator.cpp" />
		<Unit filename="../source/Simulator/FluidSimulator.h" />
		<Unit filename="../source/Simulator/NoopFluidSimulator.h" />
		<Unit filename="../source/Simulator/RedstoneSimulator.cpp" />
		<Unit filename="../source/Simulator/RedstoneSimulator.h" />
		<Unit filename="../source/Simulator/SandSimulator.cpp" />
		<Unit filename="../source/Simulator/SandSimulator.h" />
		<Unit filename="../source/Simulator/Simulator.cpp" />
		<Unit filename="../source/Simulator/Simulator.h" />
		<Unit filename="../source/Simulator/SimulatorManager.cpp" />
		<Unit filename="../source/Simulator/SimulatorManager.h" />
		<Unit filename="../source/Simulator/VaporizeFluidSimulator.cpp" />
		<Unit filename="../source/Simulator/VaporizeFluidSimulator.h" />
		<Unit filename="../source/SquirrelCommandBinder.cpp" />
		<Unit filename="../source/SquirrelCommandBinder.h" />
		<Unit filename="../source/StackWalker.h" />
		<Unit filename="../source/Stairs.h" />
		<Unit filename="../source/StringCompression.cpp" />
		<Unit filename="../source/StringCompression.h" />
		<Unit filename="../source/StringMap.cpp" />
		<Unit filename="../source/StringMap.h" />
		<Unit filename="../source/StringUtils.cpp" />
		<Unit filename="../source/StringUtils.h" />
		<Unit filename="../source/TNTEntity.cpp" />
		<Unit filename="../source/TNTEntity.h" />
		<Unit filename="../source/Torch.h" />
		<Unit filename="../source/Tracer.cpp" />
		<Unit filename="../source/Tracer.h" />
		<Unit filename="../source/UI/SlotArea.cpp" />
		<Unit filename="../source/UI/SlotArea.h" />
		<Unit filename="../source/UI/Window.cpp" />
		<Unit filename="../source/UI/Window.h" />
		<Unit filename="../source/UI/WindowOwner.h" />
		<Unit filename="../source/Vector3d.cpp" />
		<Unit filename="../source/Vector3d.h" />
		<Unit filename="../source/Vector3f.cpp" />
		<Unit filename="../source/Vector3f.h" />
		<Unit filename="../source/Vector3i.cpp" />
		<Unit filename="../source/Vector3i.h" />
		<Unit filename="../source/Vine.h" />
		<Unit filename="../source/WebAdmin.cpp" />
		<Unit filename="../source/WebAdmin.h" />
		<Unit filename="../source/WebPlugin.cpp" />
		<Unit filename="../source/WebPlugin.h" />
		<Unit filename="../source/World.cpp" />
		<Unit filename="../source/World.h" />
		<Unit filename="../source/WorldStorage/FastNBT.cpp" />
		<Unit filename="../source/WorldStorage/FastNBT.h" />
		<Unit filename="../source/WorldStorage/NBTChunkSerializer.cpp" />
		<Unit filename="../source/WorldStorage/NBTChunkSerializer.h" />
		<Unit filename="../source/WorldStorage/WSSAnvil.cpp" />
		<Unit filename="../source/WorldStorage/WSSAnvil.h" />
		<Unit filename="../source/WorldStorage/WSSCompact.cpp" />
		<Unit filename="../source/WorldStorage/WSSCompact.h" />
		<Unit filename="../source/WorldStorage/WorldStorage.cpp" />
		<Unit filename="../source/WorldStorage/WorldStorage.h" />
		<Unit filename="../source/main.cpp" />
		<Unit filename="../source/md5/md5.cpp" />
		<Unit filename="../source/md5/md5.h" />
		<Unit filename="../source/squirrelbindings/SquirrelArray.h" />
		<Unit filename="../source/squirrelbindings/SquirrelBaseClass.h" />
		<Unit filename="../source/squirrelbindings/SquirrelBindings.cpp" />
		<Unit filename="../source/squirrelbindings/SquirrelBindings.h" />
		<Unit filename="../source/squirrelbindings/SquirrelFunctions.cpp" />
		<Unit filename="../source/squirrelbindings/SquirrelFunctions.h" />
		<Unit filename="../source/squirrelbindings/SquirrelObject.h" />
		<Unit filename="../source/tolua++.h" />
		<Unit filename="../source/tolua_base.h" />
		<Unit filename="../webadmin/template.html" />
		<Unit filename="MCServer.rc">
			<Option compilerVar="WINDRES" />
		</Unit>
		<Unit filename="icon.ico" />
		<Unit filename="resource.h" />
		<Extensions>
			<code_completion />
			<envvars />
			<debugger />
		</Extensions>
	</Project>
</CodeBlocks_project_file>
