<?xml version="1.0" encoding="UTF-8" standalone="yes" ?>
<CodeBlocks_project_file>
	<FileVersion major="1" minor="6" />
	<Project>
		<Option title="WebServer" />
		<Option pch_mode="2" />
		<Option compiler="gcc" />
		<Build>
			<Target title="Debug Win32">
				<Option output="lib" prefix_auto="1" extension_auto="1" />
				<Option working_dir="" />
				<Option object_output="Debug Win32/webserver" />
				<Option type="2" />
				<Option compiler="gcc" />
				<Option createDefFile="1" />
				<Compiler>
					<Add option="-DWIN32" />
					<Add option="-D_DEBUG" />
					<Add option="-D_LIB" />
					<Add option="-W" />
					<Add option="-g" />
					<Add option="-O0" />
				</Compiler>
			</Target>
			<Target title="Release Win32">
				<Option output="lib" prefix_auto="1" extension_auto="1" />
				<Option working_dir="" />
				<Option object_output="Release Win32/webserver" />
				<Option type="2" />
				<Option compiler="gcc" />
				<Option createDefFile="1" />
				<Compiler>
					<Add option="-DWIN32" />
					<Add option="-DNDEBUG" />
					<Add option="-D_LIB" />
					<Add option="-W" />
					<Add option="-O2" />
				</Compiler>
			</Target>
			<Target title="Release profiled Win32">
				<Option output="lib" prefix_auto="1" extension_auto="1" />
				<Option working_dir="" />
				<Option object_output="Release profiled Win32/webserver" />
				<Option type="2" />
				<Option compiler="gcc" />
				<Option createDefFile="1" />
				<Compiler>
					<Add option="-DWIN32" />
					<Add option="-DNDEBUG" />
					<Add option="-D_LIB" />
					<Add option="-W" />
					<Add option="-O2" />
				</Compiler>
			</Target>
		</Build>
		<Unit filename="../WebServer/Events.cpp" />
		<Unit filename="../WebServer/Events.h" />
		<Unit filename="../WebServer/Globals.cpp" />
		<Unit filename="../WebServer/Globals.h" />
		<Unit filename="../WebServer/Socket.cpp" />
		<Unit filename="../WebServer/Socket.h" />
		<Unit filename="../WebServer/StdHelpers.cpp" />
		<Unit filename="../WebServer/StdHelpers.h" />
		<Unit filename="../WebServer/Tracer.h" />
		<Unit filename="../WebServer/UrlHelper.cpp" />
		<Unit filename="../WebServer/UrlHelper.h" />
		<Unit filename="../WebServer/WebServer.cpp" />
		<Unit filename="../WebServer/WebServer.h" />
		<Unit filename="../WebServer/base64.cpp" />
		<Unit filename="../WebServer/base64.h" />
		<Extensions>
			<code_completion />
			<envvars />
			<debugger />
		</Extensions>
	</Project>
</CodeBlocks_project_file>
