
Microsoft Visual Studio Solution File, Format Version 11.00
# Visual C++ Express 2010
Project("{8BC9CEB8-8B4A-11D0-8D11-00A0C91BC942}") = "MCServer", "MCServer.vcxproj", "{D8FE2186-4BF0-4B89-913F-6C26818E5AC5}"
	ProjectSection(ProjectDependencies) = postProject
		{4571CE2D-9E18-452F-90D6-94AE8E2406F4} = {4571CE2D-9E18-452F-90D6-94AE8E2406F4}
		{ADBF25B9-7192-4E54-B35E-8EC47CA5EF86} = {ADBF25B9-7192-4E54-B35E-8EC47CA5EF86}
		{2B4BD5C6-91C0-4A74-939F-B28737FB0DC6} = {2B4BD5C6-91C0-4A74-939F-B28737FB0DC6}
	EndProjectSection
EndProject
Project("{8BC9CEB8-8B4A-11D0-8D11-00A0C91BC942}") = "ZLib", "ZLib.vcxproj", "{F6F43A78-816D-4C37-A07B-68BED529273A}"
EndProject
Project("{8BC9CEB8-8B4A-11D0-8D11-00A0C91BC942}") = "lua-5.1.4", "lua-5.1.4.vcxproj", "{5E511191-6F1F-4D0D-940A-B850780963D2}"
EndProject
Project("{8BC9CEB8-8B4A-11D0-8D11-00A0C91BC942}") = "tolua++-1.0.93", "tolua++-1.0.93.vcxproj", "{67B50249-6CEC-444E-A87A-D476112590ED}"
EndProject
Project("{8BC9CEB8-8B4A-11D0-8D11-00A0C91BC942}") = "WebServer", "WebServer.vcxproj", "{2B4BD5C6-91C0-4A74-939F-B28737FB0DC6}"
EndProject
Project("{8BC9CEB8-8B4A-11D0-8D11-00A0C91BC942}") = "JsonCpp", "JsonCpp.vcxproj", "{ADBF25B9-7192-4E54-B35E-8EC47CA5EF86}"
EndProject
Project("{8BC9CEB8-8B4A-11D0-8D11-00A0C91BC942}") = "squirrel_3_0_1_stable", "squirrel_3_0_1_stable.vcxproj", "{4571CE2D-9E18-452F-90D6-94AE8E2406F4}"
EndProject
Global
	GlobalSection(SolutionConfigurationPlatforms) = preSolution
		Debug with optimized Noise|Win32 = Debug with optimized Noise|Win32
		Debug with optimized Noise|x64 = Debug with optimized Noise|x64
		Debug|Win32 = Debug|Win32
		Debug|x64 = Debug|x64
		Release|Win32 = Release|Win32
		Release|x64 = Release|x64
	EndGlobalSection
	GlobalSection(ProjectConfigurationPlatforms) = postSolution
		{D8FE2186-4BF0-4B89-913F-6C26818E5AC5}.Debug with optimized Noise|Win32.ActiveCfg = Debug with optimized Noise|Win32
		{D8FE2186-4BF0-4B89-913F-6C26818E5AC5}.Debug with optimized Noise|Win32.Build.0 = Debug with optimized Noise|Win32
		{D8FE2186-4BF0-4B89-913F-6C26818E5AC5}.Debug with optimized Noise|x64.ActiveCfg = Debug with optimized Noise|Win32
		{D8FE2186-4BF0-4B89-913F-6C26818E5AC5}.Debug|Win32.ActiveCfg = Debug|Win32
		{D8FE2186-4BF0-4B89-913F-6C26818E5AC5}.Debug|Win32.Build.0 = Debug|Win32
		{D8FE2186-4BF0-4B89-913F-6C26818E5AC5}.Debug|x64.ActiveCfg = Debug|Win32
		{D8FE2186-4BF0-4B89-913F-6C26818E5AC5}.Release|Win32.ActiveCfg = Release|Win32
		{D8FE2186-4BF0-4B89-913F-6C26818E5AC5}.Release|Win32.Build.0 = Release|Win32
		{D8FE2186-4BF0-4B89-913F-6C26818E5AC5}.Release|x64.ActiveCfg = Release|Win32
		{F6F43A78-816D-4C37-A07B-68BED529273A}.Debug with optimized Noise|Win32.ActiveCfg = Debug|Win32
		{F6F43A78-816D-4C37-A07B-68BED529273A}.Debug with optimized Noise|Win32.Build.0 = Debug|Win32
		{F6F43A78-816D-4C37-A07B-68BED529273A}.Debug with optimized Noise|x64.ActiveCfg = Debug|x64
		{F6F43A78-816D-4C37-A07B-68BED529273A}.Debug with optimized Noise|x64.Build.0 = Debug|x64
		{F6F43A78-816D-4C37-A07B-68BED529273A}.Debug|Win32.ActiveCfg = Debug|Win32
		{F6F43A78-816D-4C37-A07B-68BED529273A}.Debug|Win32.Build.0 = Debug|Win32
		{F6F43A78-816D-4C37-A07B-68BED529273A}.Debug|x64.ActiveCfg = Debug|x64
		{F6F43A78-816D-4C37-A07B-68BED529273A}.Debug|x64.Build.0 = Debug|x64
		{F6F43A78-816D-4C37-A07B-68BED529273A}.Release|Win32.ActiveCfg = Release|Win32
		{F6F43A78-816D-4C37-A07B-68BED529273A}.Release|Win32.Build.0 = Release|Win32
		{F6F43A78-816D-4C37-A07B-68BED529273A}.Release|x64.ActiveCfg = Release|x64
		{F6F43A78-816D-4C37-A07B-68BED529273A}.Release|x64.Build.0 = Release|x64
		{5E511191-6F1F-4D0D-940A-B850780963D2}.Debug with optimized Noise|Win32.ActiveCfg = Debug|Win32
		{5E511191-6F1F-4D0D-940A-B850780963D2}.Debug with optimized Noise|Win32.Build.0 = Debug|Win32
		{5E511191-6F1F-4D0D-940A-B850780963D2}.Debug with optimized Noise|x64.ActiveCfg = Debug|x64
		{5E511191-6F1F-4D0D-940A-B850780963D2}.Debug with optimized Noise|x64.Build.0 = Debug|x64
		{5E511191-6F1F-4D0D-940A-B850780963D2}.Debug|Win32.ActiveCfg = Debug|Win32
		{5E511191-6F1F-4D0D-940A-B850780963D2}.Debug|Win32.Build.0 = Debug|Win32
		{5E511191-6F1F-4D0D-940A-B850780963D2}.Debug|x64.ActiveCfg = Debug|x64
		{5E511191-6F1F-4D0D-940A-B850780963D2}.Debug|x64.Build.0 = Debug|x64
		{5E511191-6F1F-4D0D-940A-B850780963D2}.Release|Win32.ActiveCfg = Release|Win32
		{5E511191-6F1F-4D0D-940A-B850780963D2}.Release|Win32.Build.0 = Release|Win32
		{5E511191-6F1F-4D0D-940A-B850780963D2}.Release|x64.ActiveCfg = Release|x64
		{5E511191-6F1F-4D0D-940A-B850780963D2}.Release|x64.Build.0 = Release|x64
		{67B50249-6CEC-444E-A87A-D476112590ED}.Debug with optimized Noise|Win32.ActiveCfg = Debug|Win32
		{67B50249-6CEC-444E-A87A-D476112590ED}.Debug with optimized Noise|Win32.Build.0 = Debug|Win32
		{67B50249-6CEC-444E-A87A-D476112590ED}.Debug with optimized Noise|x64.ActiveCfg = Debug|x64
		{67B50249-6CEC-444E-A87A-D476112590ED}.Debug with optimized Noise|x64.Build.0 = Debug|x64
		{67B50249-6CEC-444E-A87A-D476112590ED}.Debug|Win32.ActiveCfg = Debug|Win32
		{67B50249-6CEC-444E-A87A-D476112590ED}.Debug|Win32.Build.0 = Debug|Win32
		{67B50249-6CEC-444E-A87A-D476112590ED}.Debug|x64.ActiveCfg = Debug|x64
		{67B50249-6CEC-444E-A87A-D476112590ED}.Debug|x64.Build.0 = Debug|x64
		{67B50249-6CEC-444E-A87A-D476112590ED}.Release|Win32.ActiveCfg = Release|Win32
		{67B50249-6CEC-444E-A87A-D476112590ED}.Release|Win32.Build.0 = Release|Win32
		{67B50249-6CEC-444E-A87A-D476112590ED}.Release|x64.ActiveCfg = Release|x64
		{67B50249-6CEC-444E-A87A-D476112590ED}.Release|x64.Build.0 = Release|x64
		{2B4BD5C6-91C0-4A74-939F-B28737FB0DC6}.Debug with optimized Noise|Win32.ActiveCfg = Debug|Win32
		{2B4BD5C6-91C0-4A74-939F-B28737FB0DC6}.Debug with optimized Noise|Win32.Build.0 = Debug|Win32
		{2B4BD5C6-91C0-4A74-939F-B28737FB0DC6}.Debug with optimized Noise|x64.ActiveCfg = Debug|x64
		{2B4BD5C6-91C0-4A74-939F-B28737FB0DC6}.Debug with optimized Noise|x64.Build.0 = Debug|x64
		{2B4BD5C6-91C0-4A74-939F-B28737FB0DC6}.Debug|Win32.ActiveCfg = Debug|Win32
		{2B4BD5C6-91C0-4A74-939F-B28737FB0DC6}.Debug|Win32.Build.0 = Debug|Win32
		{2B4BD5C6-91C0-4A74-939F-B28737FB0DC6}.Debug|x64.ActiveCfg = Debug|x64
		{2B4BD5C6-91C0-4A74-939F-B28737FB0DC6}.Debug|x64.Build.0 = Debug|x64
		{2B4BD5C6-91C0-4A74-939F-B28737FB0DC6}.Release|Win32.ActiveCfg = Release|Win32
		{2B4BD5C6-91C0-4A74-939F-B28737FB0DC6}.Release|Win32.Build.0 = Release|Win32
		{2B4BD5C6-91C0-4A74-939F-B28737FB0DC6}.Release|x64.ActiveCfg = Release|x64
		{2B4BD5C6-91C0-4A74-939F-B28737FB0DC6}.Release|x64.Build.0 = Release|x64
		{ADBF25B9-7192-4E54-B35E-8EC47CA5EF86}.Debug with optimized Noise|Win32.ActiveCfg = Debug|Win32
		{ADBF25B9-7192-4E54-B35E-8EC47CA5EF86}.Debug with optimized Noise|Win32.Build.0 = Debug|Win32
		{ADBF25B9-7192-4E54-B35E-8EC47CA5EF86}.Debug with optimized Noise|x64.ActiveCfg = Debug|Win32
		{ADBF25B9-7192-4E54-B35E-8EC47CA5EF86}.Debug|Win32.ActiveCfg = Debug|Win32
		{ADBF25B9-7192-4E54-B35E-8EC47CA5EF86}.Debug|Win32.Build.0 = Debug|Win32
		{ADBF25B9-7192-4E54-B35E-8EC47CA5EF86}.Debug|x64.ActiveCfg = Debug|Win32
		{ADBF25B9-7192-4E54-B35E-8EC47CA5EF86}.Release|Win32.ActiveCfg = Release|Win32
		{ADBF25B9-7192-4E54-B35E-8EC47CA5EF86}.Release|Win32.Build.0 = Release|Win32
		{ADBF25B9-7192-4E54-B35E-8EC47CA5EF86}.Release|x64.ActiveCfg = Release|Win32
		{4571CE2D-9E18-452F-90D6-94AE8E2406F4}.Debug with optimized Noise|Win32.ActiveCfg = Debug|Win32
		{4571CE2D-9E18-452F-90D6-94AE8E2406F4}.Debug with optimized Noise|Win32.Build.0 = Debug|Win32
		{4571CE2D-9E18-452F-90D6-94AE8E2406F4}.Debug with optimized Noise|x64.ActiveCfg = Debug|Win32
		{4571CE2D-9E18-452F-90D6-94AE8E2406F4}.Debug|Win32.ActiveCfg = Debug|Win32
		{4571CE2D-9E18-452F-90D6-94AE8E2406F4}.Debug|Win32.Build.0 = Debug|Win32
		{4571CE2D-9E18-452F-90D6-94AE8E2406F4}.Debug|x64.ActiveCfg = Debug|Win32
		{4571CE2D-9E18-452F-90D6-94AE8E2406F4}.Release|Win32.ActiveCfg = Release|Win32
		{4571CE2D-9E18-452F-90D6-94AE8E2406F4}.Release|Win32.Build.0 = Release|Win32
		{4571CE2D-9E18-452F-90D6-94AE8E2406F4}.Release|x64.ActiveCfg = Release|Win32
	EndGlobalSection
	GlobalSection(SolutionProperties) = preSolution
		HideSolutionNode = FALSE
	EndGlobalSection
EndGlobal
