<?xml version="1.0" encoding="utf-8"?>
<Project ToolsVersion="4.0" xmlns="http://schemas.microsoft.com/developer/msbuild/2003">
  <ItemGroup>
    <Filter Include="squirrel">
      <UniqueIdentifier>{98e9a788-391f-4c21-b4e7-e1bcd58eaa9d}</UniqueIdentifier>
    </Filter>
    <Filter Include="sqstdlib">
      <UniqueIdentifier>{819d39f8-4859-48ad-b096-04f8d6811524}</UniqueIdentifier>
    </Filter>
    <Filter Include="sqplus">
      <UniqueIdentifier>{d9a1c0d8-bd70-4686-9a3d-c35c9d3365e3}</UniqueIdentifier>
    </Filter>
  </ItemGroup>
  <ItemGroup>
    <ClCompile Include="..\squirrel_3_0_1_stable\squirrel\sqapi.cpp">
      <Filter>squirrel</Filter>
    </ClCompile>
    <ClCompile Include="..\squirrel_3_0_1_stable\squirrel\sqbaselib.cpp">
      <Filter>squirrel</Filter>
    </ClCompile>
    <ClCompile Include="..\squirrel_3_0_1_stable\squirrel\sqclass.cpp">
      <Filter>squirrel</Filter>
    </ClCompile>
    <ClCompile Include="..\squirrel_3_0_1_stable\squirrel\sqcompiler.cpp">
      <Filter>squirrel</Filter>
    </ClCompile>
    <ClCompile Include="..\squirrel_3_0_1_stable\squirrel\sqdebug.cpp">
      <Filter>squirrel</Filter>
    </ClCompile>
    <ClCompile Include="..\squirrel_3_0_1_stable\squirrel\sqfuncstate.cpp">
      <Filter>squirrel</Filter>
    </ClCompile>
    <ClCompile Include="..\squirrel_3_0_1_stable\squirrel\sqlexer.cpp">
      <Filter>squirrel</Filter>
    </ClCompile>
    <ClCompile Include="..\squirrel_3_0_1_stable\squirrel\sqmem.cpp">
      <Filter>squirrel</Filter>
    </ClCompile>
    <ClCompile Include="..\squirrel_3_0_1_stable\squirrel\sqobject.cpp">
      <Filter>squirrel</Filter>
    </ClCompile>
    <ClCompile Include="..\squirrel_3_0_1_stable\squirrel\sqstate.cpp">
      <Filter>squirrel</Filter>
    </ClCompile>
    <ClCompile Include="..\squirrel_3_0_1_stable\squirrel\sqtable.cpp">
      <Filter>squirrel</Filter>
    </ClCompile>
    <ClCompile Include="..\squirrel_3_0_1_stable\squirrel\sqvm.cpp">
      <Filter>squirrel</Filter>
    </ClCompile>
    <ClCompile Include="..\squirrel_3_0_1_stable\sqstdlib\sqstdaux.cpp">
      <Filter>sqstdlib</Filter>
    </ClCompile>
    <ClCompile Include="..\squirrel_3_0_1_stable\sqstdlib\sqstdblob.cpp">
      <Filter>sqstdlib</Filter>
    </ClCompile>
    <ClCompile Include="..\squirrel_3_0_1_stable\sqstdlib\sqstdio.cpp">
      <Filter>sqstdlib</Filter>
    </ClCompile>
    <ClCompile Include="..\squirrel_3_0_1_stable\sqstdlib\sqstdmath.cpp">
      <Filter>sqstdlib</Filter>
    </ClCompile>
    <ClCompile Include="..\squirrel_3_0_1_stable\sqstdlib\sqstdrex.cpp">
      <Filter>sqstdlib</Filter>
    </ClCompile>
    <ClCompile Include="..\squirrel_3_0_1_stable\sqstdlib\sqstdstream.cpp">
      <Filter>sqstdlib</Filter>
    </ClCompile>
    <ClCompile Include="..\squirrel_3_0_1_stable\sqstdlib\sqstdstring.cpp">
      <Filter>sqstdlib</Filter>
    </ClCompile>
    <ClCompile Include="..\squirrel_3_0_1_stable\sqstdlib\sqstdsystem.cpp">
      <Filter>sqstdlib</Filter>
    </ClCompile>
    <ClCompile Include="..\squirrel_3_0_1_stable\sqplus\SqPlus.cpp">
      <Filter>sqplus</Filter>
    </ClCompile>
    <ClCompile Include="..\squirrel_3_0_1_stable\sqplus\SqPlusOCharBuf.cpp">
      <Filter>sqplus</Filter>
    </ClCompile>
    <ClCompile Include="..\squirrel_3_0_1_stable\sqplus\SqPlusUtf8.cpp">
      <Filter>sqplus</Filter>
    </ClCompile>
    <ClCompile Include="..\squirrel_3_0_1_stable\sqplus\SquirrelBindingsUtils.cpp">
      <Filter>sqplus</Filter>
    </ClCompile>
    <ClCompile Include="..\squirrel_3_0_1_stable\sqplus\SquirrelBindingsUtilsWin32.cpp">
      <Filter>sqplus</Filter>
    </ClCompile>
    <ClCompile Include="..\squirrel_3_0_1_stable\sqplus\SquirrelObject.cpp">
      <Filter>sqplus</Filter>
    </ClCompile>
    <ClCompile Include="..\squirrel_3_0_1_stable\sqplus\SquirrelVM.cpp">
      <Filter>sqplus</Filter>
    </ClCompile>
  </ItemGroup>
  <ItemGroup>
    <ClInclude Include="..\squirrel_3_0_1_stable\squirrel\sqarray.h">
      <Filter>squirrel</Filter>
    </ClInclude>
    <ClInclude Include="..\squirrel_3_0_1_stable\squirrel\sqclass.h">
      <Filter>squirrel</Filter>
    </ClInclude>
    <ClInclude Include="..\squirrel_3_0_1_stable\squirrel\sqclosure.h">
      <Filter>squirrel</Filter>
    </ClInclude>
    <ClInclude Include="..\squirrel_3_0_1_stable\squirrel\sqcompiler.h">
      <Filter>squirrel</Filter>
    </ClInclude>
    <ClInclude Include="..\squirrel_3_0_1_stable\squirrel\sqfuncproto.h">
      <Filter>squirrel</Filter>
    </ClInclude>
    <ClInclude Include="..\squirrel_3_0_1_stable\squirrel\sqfuncstate.h">
      <Filter>squirrel</Filter>
    </ClInclude>
    <ClInclude Include="..\squirrel_3_0_1_stable\squirrel\sqlexer.h">
      <Filter>squirrel</Filter>
    </ClInclude>
    <ClInclude Include="..\squirrel_3_0_1_stable\squirrel\sqobject.h">
      <Filter>squirrel</Filter>
    </ClInclude>
    <ClInclude Include="..\squirrel_3_0_1_stable\squirrel\sqopcodes.h">
      <Filter>squirrel</Filter>
    </ClInclude>
    <ClInclude Include="..\squirrel_3_0_1_stable\squirrel\sqpcheader.h">
      <Filter>squirrel</Filter>
    </ClInclude>
    <ClInclude Include="..\squirrel_3_0_1_stable\squirrel\sqstate.h">
      <Filter>squirrel</Filter>
    </ClInclude>
    <ClInclude Include="..\squirrel_3_0_1_stable\squirrel\sqstring.h">
      <Filter>squirrel</Filter>
    </ClInclude>
    <ClInclude Include="..\squirrel_3_0_1_stable\squirrel\sqtable.h">
      <Filter>squirrel</Filter>
    </ClInclude>
    <ClInclude Include="..\squirrel_3_0_1_stable\squirrel\squserdata.h">
      <Filter>squirrel</Filter>
    </ClInclude>
    <ClInclude Include="..\squirrel_3_0_1_stable\squirrel\squtils.h">
      <Filter>squirrel</Filter>
    </ClInclude>
    <ClInclude Include="..\squirrel_3_0_1_stable\squirrel\sqvm.h">
      <Filter>squirrel</Filter>
    </ClInclude>
    <ClInclude Include="..\squirrel_3_0_1_stable\sqstdlib\sqstdblobimpl.h">
      <Filter>sqstdlib</Filter>
    </ClInclude>
    <ClInclude Include="..\squirrel_3_0_1_stable\sqstdlib\sqstdstream.h">
      <Filter>sqstdlib</Filter>
    </ClInclude>
    <ClInclude Include="..\squirrel_3_0_1_stable\sqplus\sqplus.h">
      <Filter>sqplus</Filter>
    </ClInclude>
    <ClInclude Include="..\squirrel_3_0_1_stable\sqplus\SqPlusCallTemplates.h">
      <Filter>sqplus</Filter>
    </ClInclude>
    <ClInclude Include="..\squirrel_3_0_1_stable\sqplus\SqPlusConst.h">
      <Filter>sqplus</Filter>
    </ClInclude>
    <ClInclude Include="..\squirrel_3_0_1_stable\sqplus\SqPlusFunctionCallImpl.h">
      <Filter>sqplus</Filter>
    </ClInclude>
    <ClInclude Include="..\squirrel_3_0_1_stable\sqplus\SqPlusOCharBuf.h">
      <Filter>sqplus</Filter>
    </ClInclude>
    <ClInclude Include="..\squirrel_3_0_1_stable\sqplus\SqPlusOverload.h">
      <Filter>sqplus</Filter>
    </ClInclude>
    <ClInclude Include="..\squirrel_3_0_1_stable\sqplus\SqPlusSetup.h">
      <Filter>sqplus</Filter>
    </ClInclude>
    <ClInclude Include="..\squirrel_3_0_1_stable\sqplus\SqPlusSmartPointer.h">
      <Filter>sqplus</Filter>
    </ClInclude>
    <ClInclude Include="..\squirrel_3_0_1_stable\sqplus\SqPlusTypeMask.h">
      <Filter>sqplus</Filter>
    </ClInclude>
    <ClInclude Include="..\squirrel_3_0_1_stable\sqplus\SqPlusUtf8.h">
      <Filter>sqplus</Filter>
    </ClInclude>
    <ClInclude Include="..\squirrel_3_0_1_stable\sqplus\sqplusWin32.h">
      <Filter>sqplus</Filter>
    </ClInclude>
    <ClInclude Include="..\squirrel_3_0_1_stable\sqplus\SquirrelBindingsUtils.h">
      <Filter>sqplus</Filter>
    </ClInclude>
    <ClInclude Include="..\squirrel_3_0_1_stable\sqplus\SquirrelBindingsUtilsWin32.h">
      <Filter>sqplus</Filter>
    </ClInclude>
    <ClInclude Include="..\squirrel_3_0_1_stable\sqplus\SquirrelObject.h">
      <Filter>sqplus</Filter>
    </ClInclude>
    <ClInclude Include="..\squirrel_3_0_1_stable\sqplus\SquirrelVM.h">
      <Filter>sqplus</Filter>
    </ClInclude>
  </ItemGroup>
</Project>