<?xml version="1.0" encoding="utf-8"?>
<Project ToolsVersion="4.0" xmlns="http://schemas.microsoft.com/developer/msbuild/2003">
  <ItemGroup>
    <ClCompile Include="..\WebServer\base64.cpp" />
    <ClCompile Include="..\WebServer\Socket.cpp" />
    <ClCompile Include="..\WebServer\StdHelpers.cpp" />
    <ClCompile Include="..\WebServer\UrlHelper.cpp" />
    <ClCompile Include="..\WebServer\WebServer.cpp" />
    <ClCompile Include="..\WebServer\cEvents.cpp" />
    <ClCompile Include="..\WebServer\Globals.cpp" />
  </ItemGroup>
  <ItemGroup>
    <ClInclude Include="..\WebServer\base64.h" />
    <ClInclude Include="..\WebServer\Socket.h" />
    <ClInclude Include="..\WebServer\Tracer.h" />
    <ClInclude Include="..\WebServer\UrlHelper.h" />
    <ClInclude Include="..\WebServer\WebServer.h" />
    <ClInclude Include="..\WebServer\StdHelpers.h" />
    <ClInclude Include="..\WebServer\Globals.h" />
    <ClInclude Include="..\WebServer\cEvents.h" />
  </ItemGroup>
</Project>