<?xml version="1.0" encoding="utf-8"?>
<Project ToolsVersion="4.0" xmlns="http://schemas.microsoft.com/developer/msbuild/2003">
  <ItemGroup>
    <Filter Include="Source Files">
      <UniqueIdentifier>{4FC737F1-C7A5-4376-A066-2A32D752A2FF}</UniqueIdentifier>
      <Extensions>cpp;c;cc;cxx;def;odl;idl;hpj;bat;asm;asmx</Extensions>
    </Filter>
  </ItemGroup>
  <ItemGroup>
    <ClInclude Include="..\lib\expat\ascii.h">
      <Filter>Source Files</Filter>
    </ClInclude>
    <ClInclude Include="..\lib\expat\asciitab.h">
      <Filter>Source Files</Filter>
    </ClInclude>
    <ClInclude Include="..\lib\expat\expat.h">
      <Filter>Source Files</Filter>
    </ClInclude>
    <ClInclude Include="..\lib\expat\expat_external.h">
      <Filter>Source Files</Filter>
    </ClInclude>
    <ClInclude Include="..\lib\expat\iasciitab.h">
      <Filter>Source Files</Filter>
    </ClInclude>
    <ClInclude Include="..\lib\expat\internal.h">
      <Filter>Source Files</Filter>
    </ClInclude>
    <ClInclude Include="..\lib\expat\latin1tab.h">
      <Filter>Source Files</Filter>
    </ClInclude>
    <ClInclude Include="..\lib\expat\nametab.h">
      <Filter>Source Files</Filter>
    </ClInclude>
    <ClInclude Include="..\lib\expat\utf8tab.h">
      <Filter>Source Files</Filter>
    </ClInclude>
    <ClInclude Include="..\lib\expat\winconfig.h">
      <Filter>Source Files</Filter>
    </ClInclude>
    <ClInclude Include="..\lib\expat\xmlrole.h">
      <Filter>Source Files</Filter>
    </ClInclude>
    <ClInclude Include="..\lib\expat\xmltok.h">
      <Filter>Source Files</Filter>
    </ClInclude>
    <ClInclude Include="..\lib\expat\xmltok_impl.h">
      <Filter>Source Files</Filter>
    </ClInclude>
  </ItemGroup>
  <ItemGroup>
    <ClCompile Include="..\lib\expat\xmlparse.c">
      <Filter>Source Files</Filter>
    </ClCompile>
    <ClCompile Include="..\lib\expat\xmlrole.c">
      <Filter>Source Files</Filter>
    </ClCompile>
    <ClCompile Include="..\lib\expat\xmltok.c">
      <Filter>Source Files</Filter>
    </ClCompile>
    <ClCompile Include="..\lib\expat\xmltok_impl.c">
      <Filter>Source Files</Filter>
    </ClCompile>
    <ClCompile Include="..\lib\expat\xmltok_ns.c">
      <Filter>Source Files</Filter>
    </ClCompile>
  </ItemGroup>
</Project>