<?xml version="1.0" encoding="utf-8"?>
<Project ToolsVersion="4.0" xmlns="http://schemas.microsoft.com/developer/msbuild/2003">
  <ItemGroup>
    <Filter Include="Source Files">
      <UniqueIdentifier>{4FC737F1-C7A5-4376-A066-2A32D752A2FF}</UniqueIdentifier>
      <Extensions>cpp;c;cc;cxx;def;odl;idl;hpj;bat;asm;asmx</Extensions>
    </Filter>
  </ItemGroup>
  <ItemGroup>
    <ClInclude Include="..\jsoncpp-src-0.5.0\src\lib_json\json_batchallocator.h">
      <Filter>Source Files</Filter>
    </ClInclude>
  </ItemGroup>
  <ItemGroup>
    <None Include="..\jsoncpp-src-0.5.0\src\lib_json\json_internalarray.inl">
      <Filter>Source Files</Filter>
    </None>
    <None Include="..\jsoncpp-src-0.5.0\src\lib_json\json_internalmap.inl">
      <Filter>Source Files</Filter>
    </None>
    <None Include="..\jsoncpp-src-0.5.0\src\lib_json\json_valueiterator.inl">
      <Filter>Source Files</Filter>
    </None>
  </ItemGroup>
  <ItemGroup>
    <ClCompile Include="..\jsoncpp-src-0.5.0\src\lib_json\json_reader.cpp">
      <Filter>Source Files</Filter>
    </ClCompile>
    <ClCompile Include="..\jsoncpp-src-0.5.0\src\lib_json\json_value.cpp">
      <Filter>Source Files</Filter>
    </ClCompile>
    <ClCompile Include="..\jsoncpp-src-0.5.0\src\lib_json\json_writer.cpp">
      <Filter>Source Files</Filter>
    </ClCompile>
  </ItemGroup>
</Project>