<?xml version="1.0" encoding="utf-8"?>
<Project ToolsVersion="4.0" xmlns="http://schemas.microsoft.com/developer/msbuild/2003">
  <ItemGroup>
    <Filter Include="Source Files">
      <UniqueIdentifier>{4FC737F1-C7A5-4376-A066-2A32D752A2FF}</UniqueIdentifier>
      <Extensions>cpp;c;cc;cxx;def;odl;idl;hpj;bat;asm;asmx</Extensions>
    </Filter>
  </ItemGroup>
  <ItemGroup>
    <ClCompile Include="..\lib\lua\src\lapi.c">
      <Filter>Source Files</Filter>
    </ClCompile>
    <ClCompile Include="..\lib\lua\src\lauxlib.c">
      <Filter>Source Files</Filter>
    </ClCompile>
    <ClCompile Include="..\lib\lua\src\lbaselib.c">
      <Filter>Source Files</Filter>
    </ClCompile>
    <ClCompile Include="..\lib\lua\src\lcode.c">
      <Filter>Source Files</Filter>
    </ClCompile>
    <ClCompile Include="..\lib\lua\src\ldblib.c">
      <Filter>Source Files</Filter>
    </ClCompile>
    <ClCompile Include="..\lib\lua\src\ldebug.c">
      <Filter>Source Files</Filter>
    </ClCompile>
    <ClCompile Include="..\lib\lua\src\ldo.c">
      <Filter>Source Files</Filter>
    </ClCompile>
    <ClCompile Include="..\lib\lua\src\ldump.c">
      <Filter>Source Files</Filter>
    </ClCompile>
    <ClCompile Include="..\lib\luaO\src\lfunc.c">
      <Filter>Source Files</Filter>
    </ClCompile>
    <ClCompile Include="..\lib\lua\src\lgc.c">
      <Filter>Source Files</Filter>
    </ClCompile>
    <ClCompile Include="..\lib\lua\src\linit.c">
      <Filter>Source Files</Filter>
    </ClCompile>
    <ClCompile Include="..\lib\lua\src\liolib.c">
      <Filter>Source Files</Filter>
    </ClCompile>
    <ClCompile Include="..\lib\lua\src\llex.c">
      <Filter>Source Files</Filter>
    </ClCompile>
    <ClCompile Include="..\lib\lua\src\lmathlib.c">
      <Filter>Source Files</Filter>
    </ClCompile>
    <ClCompile Include="..\lib\lua\src\lmem.c">
      <Filter>Source Files</Filter>
    </ClCompile>
    <ClCompile Include="..\lib\lua\src\loadlib.c">
      <Filter>Source Files</Filter>
    </ClCompile>
    <ClCompile Include="..\lib\lua\src\lobject.c">
      <Filter>Source Files</Filter>
    </ClCompile>
    <ClCompile Include="..\lib\lua\src\lopcodes.c">
      <Filter>Source Files</Filter>
    </ClCompile>
    <ClCompile Include="..\lib\lua\src\loslib.c">
      <Filter>Source Files</Filter>
    </ClCompile>
    <ClCompile Include="..\lib\lua\src\lparser.c">
      <Filter>Source Files</Filter>
    </ClCompile>
    <ClCompile Include="..\lib\lua\src\lstate.c">
      <Filter>Source Files</Filter>
    </ClCompile>
    <ClCompile Include="..\lib\lua\src\lstring.c">
      <Filter>Source Files</Filter>
    </ClCompile>
    <ClCompile Include="..\lib\lua\src\lstrlib.c">
      <Filter>Source Files</Filter>
    </ClCompile>
    <ClCompile Include="..\lib\lua\src\ltable.c">
      <Filter>Source Files</Filter>
    </ClCompile>
    <ClCompile Include="..\lib\lua\src\ltablib.c">
      <Filter>Source Files</Filter>
    </ClCompile>
    <ClCompile Include="..\lib\lua\src\ltm.c">
      <Filter>Source Files</Filter>
    </ClCompile>
    <ClCompile Include="..\lib\lua\src\lua.c">
      <Filter>Source Files</Filter>
    </ClCompile>
    <ClCompile Include="..\lib\lua\src\luac.c">
      <Filter>Source Files</Filter>
    </ClCompile>
    <ClCompile Include="..\lib\lua\src\lundump.c">
      <Filter>Source Files</Filter>
    </ClCompile>
    <ClCompile Include="..\lib\lua\src\lvm.c">
      <Filter>Source Files</Filter>
    </ClCompile>
    <ClCompile Include="..\lib\lua\src\lzio.c">
      <Filter>Source Files</Filter>
    </ClCompile>
    <ClCompile Include="..\lib\lua\src\print.c">
      <Filter>Source Files</Filter>
    </ClCompile>
  </ItemGroup>
  <ItemGroup>
    <ClInclude Include="..\lib\lua\src\lapi.h" />
    <ClInclude Include="..\lib\lua\src\lauxlib.h" />
    <ClInclude Include="..\lib\lua\src\lcode.h" />
    <ClInclude Include="..\lib\lua\src\ldebug.h" />
    <ClInclude Include="..\lib\lua\src\ldo.h" />
    <ClInclude Include="..\lib\lua\src\lfunc.h" />
    <ClInclude Include="..\lib\lua\src\lgc.h" />
    <ClInclude Include="..\lib\lua\src\llex.h" />
    <ClInclude Include="..\lib\lua\src\llimits.h" />
    <ClInclude Include="..\lib\lua\src\lmem.h" />
    <ClInclude Include="..\lib\lua\src\lobject.h" />
    <ClInclude Include="..\lib\lua\src\lopcodes.h" />
    <ClInclude Include="..\lib\lua\src\lparser.h" />
    <ClInclude Include="..\lib\lua\src\lstate.h" />
    <ClInclude Include="..\lib\lua\src\lstring.h" />
    <ClInclude Include="..\lib\lua\src\ltable.h" />
    <ClInclude Include="..\lib\lua\src\ltm.h" />
    <ClInclude Include="..\lib\lua\src\lua.h" />
    <ClInclude Include="..\lib\lua\src\luaconf.h" />
    <ClInclude Include="..\lib\lua\src\lualib.h" />
    <ClInclude Include="..\lib\lua\src\lundump.h" />
    <ClInclude Include="..\lib\lua\src\lvm.h" />
    <ClInclude Include="..\lib\lua\src\lzio.h" />
  </ItemGroup>
</Project>