<?xml version="1.0" encoding="utf-8"?>
<Project ToolsVersion="4.0" xmlns="http://schemas.microsoft.com/developer/msbuild/2003">
  <ItemGroup>
    <Filter Include="Source Files">
      <UniqueIdentifier>{4FC737F1-C7A5-4376-A066-2A32D752A2FF}</UniqueIdentifier>
      <Extensions>cpp;c;cc;cxx;def;odl;idl;hpj;bat;asm;asmx</Extensions>
    </Filter>
  </ItemGroup>
  <ItemGroup>
    <ClCompile Include="..\lib\tolua++\src\bin\tolua.c">
      <Filter>Source Files</Filter>
    </ClCompile>
    <ClCompile Include="..\lib\tolua++\src\lib\tolua_event.c">
      <Filter>Source Files</Filter>
    </ClCompile>
    <ClCompile Include="..\lib\tolua++\src\lib\tolua_is.c">
      <Filter>Source Files</Filter>
    </ClCompile>
    <ClCompile Include="..\lib\tolua++\src\lib\tolua_map.c">
      <Filter>Source Files</Filter>
    </ClCompile>
    <ClCompile Include="..\lib\tolua++\src\lib\tolua_push.c">
      <Filter>Source Files</Filter>
    </ClCompile>
    <ClCompile Include="..\lib\tolua++\src\lib\tolua_to.c">
      <Filter>Source Files</Filter>
    </ClCompile>
  </ItemGroup>
  <ItemGroup>
    <ClInclude Include="..\lib\tolua++\src\lib\tolua_event.h">
      <Filter>Source Files</Filter>
    </ClInclude>
  </ItemGroup>
</Project>