<?xml version="1.0" encoding="utf-8"?>
<Project ToolsVersion="4.0" xmlns="http://schemas.microsoft.com/developer/msbuild/2003">
  <ItemGroup>
    <Filter Include="Source Files">
      <UniqueIdentifier>{4FC737F1-C7A5-4376-A066-2A32D752A2FF}</UniqueIdentifier>
      <Extensions>cpp;c;cc;cxx;def;odl;idl;hpj;bat;asm;asmx</Extensions>
    </Filter>
  </ItemGroup>
  <ItemGroup>
    <ClCompile Include="..\zlib-1.2.7\adler32.c">
      <Filter>Source Files</Filter>
    </ClCompile>
    <ClCompile Include="..\zlib-1.2.7\compress.c">
      <Filter>Source Files</Filter>
    </ClCompile>
    <ClCompile Include="..\zlib-1.2.7\crc32.c">
      <Filter>Source Files</Filter>
    </ClCompile>
    <ClCompile Include="..\zlib-1.2.7\deflate.c">
      <Filter>Source Files</Filter>
    </ClCompile>
    <ClCompile Include="..\zlib-1.2.7\gzclose.c">
      <Filter>Source Files</Filter>
    </ClCompile>
    <ClCompile Include="..\zlib-1.2.7\gzlib.c">
      <Filter>Source Files</Filter>
    </ClCompile>
    <ClCompile Include="..\zlib-1.2.7\gzread.c">
      <Filter>Source Files</Filter>
    </ClCompile>
    <ClCompile Include="..\zlib-1.2.7\gzwrite.c">
      <Filter>Source Files</Filter>
    </ClCompile>
    <ClCompile Include="..\zlib-1.2.7\infback.c">
      <Filter>Source Files</Filter>
    </ClCompile>
    <ClCompile Include="..\zlib-1.2.7\inffast.c">
      <Filter>Source Files</Filter>
    </ClCompile>
    <ClCompile Include="..\zlib-1.2.7\inflate.c">
      <Filter>Source Files</Filter>
    </ClCompile>
    <ClCompile Include="..\zlib-1.2.7\inftrees.c">
      <Filter>Source Files</Filter>
    </ClCompile>
    <ClCompile Include="..\zlib-1.2.7\trees.c">
      <Filter>Source Files</Filter>
    </ClCompile>
    <ClCompile Include="..\zlib-1.2.7\uncompr.c">
      <Filter>Source Files</Filter>
    </ClCompile>
    <ClCompile Include="..\zlib-1.2.7\zutil.c">
      <Filter>Source Files</Filter>
    </ClCompile>
  </ItemGroup>
  <ItemGroup>
    <ClInclude Include="..\zlib-1.2.7\crc32.h">
      <Filter>Source Files</Filter>
    </ClInclude>
    <ClInclude Include="..\zlib-1.2.7\deflate.h">
      <Filter>Source Files</Filter>
    </ClInclude>
    <ClInclude Include="..\zlib-1.2.7\gzguts.h">
      <Filter>Source Files</Filter>
    </ClInclude>
    <ClInclude Include="..\zlib-1.2.7\inffast.h">
      <Filter>Source Files</Filter>
    </ClInclude>
    <ClInclude Include="..\zlib-1.2.7\inffixed.h">
      <Filter>Source Files</Filter>
    </ClInclude>
    <ClInclude Include="..\zlib-1.2.7\inflate.h">
      <Filter>Source Files</Filter>
    </ClInclude>
    <ClInclude Include="..\zlib-1.2.7\inftrees.h">
      <Filter>Source Files</Filter>
    </ClInclude>
    <ClInclude Include="..\zlib-1.2.7\trees.h">
      <Filter>Source Files</Filter>
    </ClInclude>
    <ClInclude Include="..\zlib-1.2.7\zconf.h">
      <Filter>Source Files</Filter>
    </ClInclude>
    <ClInclude Include="..\zlib-1.2.7\zlib.h">
      <Filter>Source Files</Filter>
    </ClInclude>
    <ClInclude Include="..\zlib-1.2.7\zutil.h">
      <Filter>Source Files</Filter>
    </ClInclude>
  </ItemGroup>
</Project>